// !$*UTF8*$!
{
	archiveVersion = 1;
	classes = {
	};
	objectVersion = 56;
	objects = {

/* Begin PBXBuildFile section */
		D33AC5D52910F626003190DC /* ASN1UniversalTagRepresentable.swift in Sources */ = {isa = PBXBuildFile; fileRef = D33AC5D42910F626003190DC /* ASN1UniversalTagRepresentable.swift */; };
		D33AC5D72910F789003190DC /* ASN1DecodingContext.swift in Sources */ = {isa = PBXBuildFile; fileRef = D33AC5D62910F789003190DC /* ASN1DecodingContext.swift */; };
		D33AC5D92910F796003190DC /* ASN1EncodingContext.swift in Sources */ = {isa = PBXBuildFile; fileRef = D33AC5D82910F796003190DC /* ASN1EncodingContext.swift */; };
		D33AC5DB2911172A003190DC /* ASN1ChoiceCodable.swift in Sources */ = {isa = PBXBuildFile; fileRef = D33AC5DA2911172A003190DC /* ASN1ChoiceCodable.swift */; };
		D33AC5DD29120492003190DC /* OptionalProtocol.swift in Sources */ = {isa = PBXBuildFile; fileRef = D33AC5DC29120492003190DC /* OptionalProtocol.swift */; };
		D33AC5DF29121744003190DC /* ASN1NullObject.swift in Sources */ = {isa = PBXBuildFile; fileRef = D33AC5DE29121744003190DC /* ASN1NullObject.swift */; };
		D351DC35290E849200540132 /* ASN1CodingKit.framework in Frameworks */ = {isa = PBXBuildFile; fileRef = D351DC2A290E849200540132 /* ASN1CodingKit.framework */; };
		D351DC3A290E849200540132 /* ASN1CodingKitTests.swift in Sources */ = {isa = PBXBuildFile; fileRef = D351DC39290E849200540132 /* ASN1CodingKitTests.swift */; };
		D351DC60290E8AAF00540132 /* rfc2459.swift in Sources */ = {isa = PBXBuildFile; fileRef = D351DC5B290E8AAF00540132 /* rfc2459.swift */; };
		D351DC61290E8AAF00540132 /* RDNSequence.swift in Sources */ = {isa = PBXBuildFile; fileRef = D351DC5C290E8AAF00540132 /* RDNSequence.swift */; };
		D351DC62290E8AAF00540132 /* main.swift in Sources */ = {isa = PBXBuildFile; fileRef = D351DC5E290E8AAF00540132 /* main.swift */; };
		D351DC63290E8AAF00540132 /* Helpers.swift in Sources */ = {isa = PBXBuildFile; fileRef = D351DC5F290E8AAF00540132 /* Helpers.swift */; };
		D351DC86290E8AF700540132 /* ASN1TaggedProperty.swift in Sources */ = {isa = PBXBuildFile; fileRef = D351DC66290E8AF700540132 /* ASN1TaggedProperty.swift */; };
		D351DC88290E8AF700540132 /* ASN1CodingContext.swift in Sources */ = {isa = PBXBuildFile; fileRef = D351DC68290E8AF700540132 /* ASN1CodingContext.swift */; };
		D351DC89290E8AF700540132 /* ASN1ObjectSet.swift in Sources */ = {isa = PBXBuildFile; fileRef = D351DC69290E8AF700540132 /* ASN1ObjectSet.swift */; };
		D351DC8A290E8AF700540132 /* ASN1PreserveBinary.swift in Sources */ = {isa = PBXBuildFile; fileRef = D351DC6A290E8AF700540132 /* ASN1PreserveBinary.swift */; };
		D351DC8B290E8AF700540132 /* ASN1TaggedTypeRepresentable.swift in Sources */ = {isa = PBXBuildFile; fileRef = D351DC6B290E8AF700540132 /* ASN1TaggedTypeRepresentable.swift */; };
		D351DC8C290E8AF700540132 /* ASN1TagNumberRepresentable.swift in Sources */ = {isa = PBXBuildFile; fileRef = D351DC6C290E8AF700540132 /* ASN1TagNumberRepresentable.swift */; };
		D351DC8D290E8AF700540132 /* ASN1TaggedType.swift in Sources */ = {isa = PBXBuildFile; fileRef = D351DC6D290E8AF700540132 /* ASN1TaggedType.swift */; };
		D351DC8E290E8AF700540132 /* ASN1UserInfoKeys.swift in Sources */ = {isa = PBXBuildFile; fileRef = D351DC6E290E8AF700540132 /* ASN1UserInfoKeys.swift */; };
		D351DC8F290E8AF700540132 /* ASN1CodingKit.docc in Sources */ = {isa = PBXBuildFile; fileRef = D351DC6F290E8AF700540132 /* ASN1CodingKit.docc */; };
		D351DC90290E8AF700540132 /* UnkeyedEncodingContainer.swift in Sources */ = {isa = PBXBuildFile; fileRef = D351DC71290E8AF700540132 /* UnkeyedEncodingContainer.swift */; };
		D351DC91290E8AF700540132 /* ASN1EncodingContainer.swift in Sources */ = {isa = PBXBuildFile; fileRef = D351DC72290E8AF700540132 /* ASN1EncodingContainer.swift */; };
		D351DC92290E8AF700540132 /* SingleValueEncodingContainer.swift in Sources */ = {isa = PBXBuildFile; fileRef = D351DC73290E8AF700540132 /* SingleValueEncodingContainer.swift */; };
		D351DC93290E8AF700540132 /* KeyedEncodingContainer.swift in Sources */ = {isa = PBXBuildFile; fileRef = D351DC74290E8AF700540132 /* KeyedEncodingContainer.swift */; };
		D351DC94290E8AF700540132 /* ASN1EncoderImpl.swift in Sources */ = {isa = PBXBuildFile; fileRef = D351DC75290E8AF700540132 /* ASN1EncoderImpl.swift */; };
		D351DC95290E8AF700540132 /* ASN1Encoder.swift in Sources */ = {isa = PBXBuildFile; fileRef = D351DC76290E8AF700540132 /* ASN1Encoder.swift */; };
		D351DC97290E8AF700540132 /* Time.swift in Sources */ = {isa = PBXBuildFile; fileRef = D351DC79290E8AF700540132 /* Time.swift */; };
		D351DC98290E8AF700540132 /* BitString.swift in Sources */ = {isa = PBXBuildFile; fileRef = D351DC7A290E8AF700540132 /* BitString.swift */; };
		D351DC99290E8AF700540132 /* String.swift in Sources */ = {isa = PBXBuildFile; fileRef = D351DC7B290E8AF700540132 /* String.swift */; };
		D351DC9B290E8AF700540132 /* ASN1ApplicationTagged.swift in Sources */ = {isa = PBXBuildFile; fileRef = D351DC7F290E8AF700540132 /* ASN1ApplicationTagged.swift */; };
		D351DC9C290E8AF700540132 /* ASN1PrivateTagged.swift in Sources */ = {isa = PBXBuildFile; fileRef = D351DC80290E8AF700540132 /* ASN1PrivateTagged.swift */; };
		D351DCA0290E8AF700540132 /* ASN1ContextTagged.swift in Sources */ = {isa = PBXBuildFile; fileRef = D351DC84290E8AF700540132 /* ASN1ContextTagged.swift */; };
		D351DCAC290EA90100540132 /* ASN1Kit.xcframework in Embed Frameworks */ = {isa = PBXBuildFile; fileRef = D351DCA4290E8D2500540132 /* ASN1Kit.xcframework */; settings = {ATTRIBUTES = (CodeSignOnCopy, RemoveHeadersOnCopy, ); }; };
		D351DCB9290EAC2500540132 /* ASN1CodingKit.swift in Sources */ = {isa = PBXBuildFile; fileRef = D351DCB8290EAC2500540132 /* ASN1CodingKit.swift */; };
		D351DCBE290EB83B00540132 /* ASN1Kit.xcframework in Frameworks */ = {isa = PBXBuildFile; fileRef = D351DCA4290E8D2500540132 /* ASN1Kit.xcframework */; };
		D351DCC3290EBE5700540132 /* DataKit.xcframework in Embed Frameworks */ = {isa = PBXBuildFile; fileRef = D351DCBF290EBE4500540132 /* DataKit.xcframework */; settings = {ATTRIBUTES = (CodeSignOnCopy, RemoveHeadersOnCopy, ); }; };
		D351DCC4290EBE5700540132 /* GemCommonsKit.xcframework in Embed Frameworks */ = {isa = PBXBuildFile; fileRef = D351DCC0290EBE4500540132 /* GemCommonsKit.xcframework */; settings = {ATTRIBUTES = (CodeSignOnCopy, RemoveHeadersOnCopy, ); }; };
		D351DCC5290EC20D00540132 /* AnyCodable.xcframework in Frameworks */ = {isa = PBXBuildFile; fileRef = D351DC45290E898300540132 /* AnyCodable.xcframework */; };
		D351DCC6290EC20D00540132 /* AnyCodable.xcframework in Embed Frameworks */ = {isa = PBXBuildFile; fileRef = D351DC45290E898300540132 /* AnyCodable.xcframework */; settings = {ATTRIBUTES = (CodeSignOnCopy, RemoveHeadersOnCopy, ); }; };
		D351DCCA290EC5EE00540132 /* ASN1CodingKit.framework in Frameworks */ = {isa = PBXBuildFile; fileRef = D351DC2A290E849200540132 /* ASN1CodingKit.framework */; };
		D351DCDA290ECE3200540132 /* Box.swift in Sources */ = {isa = PBXBuildFile; fileRef = D351DCD9290ECE3200540132 /* Box.swift */; };
		D351DCE2290EF95E00540132 /* ASN1Decoder.swift in Sources */ = {isa = PBXBuildFile; fileRef = D351DCE0290EF91B00540132 /* ASN1Decoder.swift */; };
		D351DCE3290EF95E00540132 /* ASN1DecodingContainer.swift in Sources */ = {isa = PBXBuildFile; fileRef = D351DCE1290EF91B00540132 /* ASN1DecodingContainer.swift */; };
		D351DCE4290EF95E00540132 /* ASN1DecoderImpl.swift in Sources */ = {isa = PBXBuildFile; fileRef = D351DCDE290EF91B00540132 /* ASN1DecoderImpl.swift */; };
		D351DCE5290EF95E00540132 /* KeyedDecodingContainer.swift in Sources */ = {isa = PBXBuildFile; fileRef = D351DCDC290EF91B00540132 /* KeyedDecodingContainer.swift */; };
		D351DCE6290EF95E00540132 /* UnkeyedDecodingContainer.swift in Sources */ = {isa = PBXBuildFile; fileRef = D351DCDF290EF91B00540132 /* UnkeyedDecodingContainer.swift */; };
		D351DCE7290EF95E00540132 /* SingleValueDecodingContainer.swift in Sources */ = {isa = PBXBuildFile; fileRef = D351DCDD290EF91B00540132 /* SingleValueDecodingContainer.swift */; };
		D399B208290FB1120010B730 /* ASN1Tagging.swift in Sources */ = {isa = PBXBuildFile; fileRef = D399B207290FB1120010B730 /* ASN1Tagging.swift */; };
/* End PBXBuildFile section */

/* Begin PBXContainerItemProxy section */
		D351DC36290E849200540132 /* PBXContainerItemProxy */ = {
			isa = PBXContainerItemProxy;
			containerPortal = D351DC21290E849200540132 /* Project object */;
			proxyType = 1;
			remoteGlobalIDString = D351DC29290E849200540132;
			remoteInfo = ASN1CodingKit;
		};
		D351DCCC290EC5EE00540132 /* PBXContainerItemProxy */ = {
			isa = PBXContainerItemProxy;
			containerPortal = D351DC21290E849200540132 /* Project object */;
			proxyType = 1;
			remoteGlobalIDString = D351DC29290E849200540132;
			remoteInfo = ASN1CodingKit;
		};
/* End PBXContainerItemProxy section */

/* Begin PBXCopyFilesBuildPhase section */
		D351DC49290E8A4A00540132 /* CopyFiles */ = {
			isa = PBXCopyFilesBuildPhase;
			buildActionMask = 2147483647;
			dstPath = /usr/share/man/man1/;
			dstSubfolderSpec = 0;
			files = (
			);
			runOnlyForDeploymentPostprocessing = 1;
		};
		D351DCAA290EA8FE00540132 /* Embed Frameworks */ = {
			isa = PBXCopyFilesBuildPhase;
			buildActionMask = 2147483647;
			dstPath = "";
			dstSubfolderSpec = 10;
			files = (
				D351DCC3290EBE5700540132 /* DataKit.xcframework in Embed Frameworks */,
				D351DCC4290EBE5700540132 /* GemCommonsKit.xcframework in Embed Frameworks */,
				D351DCAC290EA90100540132 /* ASN1Kit.xcframework in Embed Frameworks */,
				D351DCC6290EC20D00540132 /* AnyCodable.xcframework in Embed Frameworks */,
			);
			name = "Embed Frameworks";
			runOnlyForDeploymentPostprocessing = 0;
		};
/* End PBXCopyFilesBuildPhase section */

/* Begin PBXFileReference section */
		D33AC5D42910F626003190DC /* ASN1UniversalTagRepresentable.swift */ = {isa = PBXFileReference; lastKnownFileType = sourcecode.swift; path = ASN1UniversalTagRepresentable.swift; sourceTree = "<group>"; };
		D33AC5D62910F789003190DC /* ASN1DecodingContext.swift */ = {isa = PBXFileReference; lastKnownFileType = sourcecode.swift; path = ASN1DecodingContext.swift; sourceTree = "<group>"; };
		D33AC5D82910F796003190DC /* ASN1EncodingContext.swift */ = {isa = PBXFileReference; lastKnownFileType = sourcecode.swift; path = ASN1EncodingContext.swift; sourceTree = "<group>"; };
		D33AC5DA2911172A003190DC /* ASN1ChoiceCodable.swift */ = {isa = PBXFileReference; lastKnownFileType = sourcecode.swift; path = ASN1ChoiceCodable.swift; sourceTree = "<group>"; };
		D33AC5DC29120492003190DC /* OptionalProtocol.swift */ = {isa = PBXFileReference; lastKnownFileType = sourcecode.swift; path = OptionalProtocol.swift; sourceTree = "<group>"; };
		D33AC5DE29121744003190DC /* ASN1NullObject.swift */ = {isa = PBXFileReference; lastKnownFileType = sourcecode.swift; path = ASN1NullObject.swift; sourceTree = "<group>"; };
		D351DC2A290E849200540132 /* ASN1CodingKit.framework */ = {isa = PBXFileReference; explicitFileType = wrapper.framework; includeInIndex = 0; path = ASN1CodingKit.framework; sourceTree = BUILT_PRODUCTS_DIR; };
		D351DC34290E849200540132 /* ASN1CodingKitTests.xctest */ = {isa = PBXFileReference; explicitFileType = wrapper.cfbundle; includeInIndex = 0; path = ASN1CodingKitTests.xctest; sourceTree = BUILT_PRODUCTS_DIR; };
		D351DC39290E849200540132 /* ASN1CodingKitTests.swift */ = {isa = PBXFileReference; lastKnownFileType = sourcecode.swift; path = ASN1CodingKitTests.swift; sourceTree = "<group>"; };
		D351DC45290E898300540132 /* AnyCodable.xcframework */ = {isa = PBXFileReference; lastKnownFileType = wrapper.xcframework; name = AnyCodable.xcframework; path = Carthage/Build/AnyCodable.xcframework; sourceTree = "<group>"; };
		D351DC4B290E8A4A00540132 /* certtest */ = {isa = PBXFileReference; explicitFileType = "compiled.mach-o.executable"; includeInIndex = 0; path = certtest; sourceTree = BUILT_PRODUCTS_DIR; };
		D351DC5B290E8AAF00540132 /* rfc2459.swift */ = {isa = PBXFileReference; fileEncoding = 4; lastKnownFileType = sourcecode.swift; path = rfc2459.swift; sourceTree = "<group>"; };
		D351DC5C290E8AAF00540132 /* RDNSequence.swift */ = {isa = PBXFileReference; fileEncoding = 4; lastKnownFileType = sourcecode.swift; path = RDNSequence.swift; sourceTree = "<group>"; };
		D351DC5D290E8AAF00540132 /* asn1bridgetest.entitlements */ = {isa = PBXFileReference; fileEncoding = 4; lastKnownFileType = text.plist.entitlements; path = asn1bridgetest.entitlements; sourceTree = "<group>"; };
		D351DC5E290E8AAF00540132 /* main.swift */ = {isa = PBXFileReference; fileEncoding = 4; lastKnownFileType = sourcecode.swift; path = main.swift; sourceTree = "<group>"; };
		D351DC5F290E8AAF00540132 /* Helpers.swift */ = {isa = PBXFileReference; fileEncoding = 4; lastKnownFileType = sourcecode.swift; path = Helpers.swift; sourceTree = "<group>"; };
		D351DC66290E8AF700540132 /* ASN1TaggedProperty.swift */ = {isa = PBXFileReference; fileEncoding = 4; lastKnownFileType = sourcecode.swift; path = ASN1TaggedProperty.swift; sourceTree = "<group>"; };
		D351DC68290E8AF700540132 /* ASN1CodingContext.swift */ = {isa = PBXFileReference; fileEncoding = 4; lastKnownFileType = sourcecode.swift; path = ASN1CodingContext.swift; sourceTree = "<group>"; };
		D351DC69290E8AF700540132 /* ASN1ObjectSet.swift */ = {isa = PBXFileReference; fileEncoding = 4; lastKnownFileType = sourcecode.swift; path = ASN1ObjectSet.swift; sourceTree = "<group>"; };
		D351DC6A290E8AF700540132 /* ASN1PreserveBinary.swift */ = {isa = PBXFileReference; fileEncoding = 4; lastKnownFileType = sourcecode.swift; path = ASN1PreserveBinary.swift; sourceTree = "<group>"; };
		D351DC6B290E8AF700540132 /* ASN1TaggedTypeRepresentable.swift */ = {isa = PBXFileReference; fileEncoding = 4; lastKnownFileType = sourcecode.swift; path = ASN1TaggedTypeRepresentable.swift; sourceTree = "<group>"; };
		D351DC6C290E8AF700540132 /* ASN1TagNumberRepresentable.swift */ = {isa = PBXFileReference; fileEncoding = 4; lastKnownFileType = sourcecode.swift; path = ASN1TagNumberRepresentable.swift; sourceTree = "<group>"; };
		D351DC6D290E8AF700540132 /* ASN1TaggedType.swift */ = {isa = PBXFileReference; fileEncoding = 4; lastKnownFileType = sourcecode.swift; path = ASN1TaggedType.swift; sourceTree = "<group>"; };
		D351DC6E290E8AF700540132 /* ASN1UserInfoKeys.swift */ = {isa = PBXFileReference; fileEncoding = 4; lastKnownFileType = sourcecode.swift; path = ASN1UserInfoKeys.swift; sourceTree = "<group>"; };
		D351DC6F290E8AF700540132 /* ASN1CodingKit.docc */ = {isa = PBXFileReference; lastKnownFileType = folder.documentationcatalog; path = ASN1CodingKit.docc; sourceTree = "<group>"; };
		D351DC71290E8AF700540132 /* UnkeyedEncodingContainer.swift */ = {isa = PBXFileReference; fileEncoding = 4; lastKnownFileType = sourcecode.swift; path = UnkeyedEncodingContainer.swift; sourceTree = "<group>"; };
		D351DC72290E8AF700540132 /* ASN1EncodingContainer.swift */ = {isa = PBXFileReference; fileEncoding = 4; lastKnownFileType = sourcecode.swift; path = ASN1EncodingContainer.swift; sourceTree = "<group>"; };
		D351DC73290E8AF700540132 /* SingleValueEncodingContainer.swift */ = {isa = PBXFileReference; fileEncoding = 4; lastKnownFileType = sourcecode.swift; path = SingleValueEncodingContainer.swift; sourceTree = "<group>"; };
		D351DC74290E8AF700540132 /* KeyedEncodingContainer.swift */ = {isa = PBXFileReference; fileEncoding = 4; lastKnownFileType = sourcecode.swift; path = KeyedEncodingContainer.swift; sourceTree = "<group>"; };
		D351DC75290E8AF700540132 /* ASN1EncoderImpl.swift */ = {isa = PBXFileReference; fileEncoding = 4; lastKnownFileType = sourcecode.swift; path = ASN1EncoderImpl.swift; sourceTree = "<group>"; };
		D351DC76290E8AF700540132 /* ASN1Encoder.swift */ = {isa = PBXFileReference; fileEncoding = 4; lastKnownFileType = sourcecode.swift; path = ASN1Encoder.swift; sourceTree = "<group>"; };
		D351DC79290E8AF700540132 /* Time.swift */ = {isa = PBXFileReference; fileEncoding = 4; lastKnownFileType = sourcecode.swift; path = Time.swift; sourceTree = "<group>"; };
		D351DC7A290E8AF700540132 /* BitString.swift */ = {isa = PBXFileReference; fileEncoding = 4; lastKnownFileType = sourcecode.swift; path = BitString.swift; sourceTree = "<group>"; };
		D351DC7B290E8AF700540132 /* String.swift */ = {isa = PBXFileReference; fileEncoding = 4; lastKnownFileType = sourcecode.swift; path = String.swift; sourceTree = "<group>"; };
		D351DC7F290E8AF700540132 /* ASN1ApplicationTagged.swift */ = {isa = PBXFileReference; fileEncoding = 4; lastKnownFileType = sourcecode.swift; path = ASN1ApplicationTagged.swift; sourceTree = "<group>"; };
		D351DC80290E8AF700540132 /* ASN1PrivateTagged.swift */ = {isa = PBXFileReference; fileEncoding = 4; lastKnownFileType = sourcecode.swift; path = ASN1PrivateTagged.swift; sourceTree = "<group>"; };
		D351DC84290E8AF700540132 /* ASN1ContextTagged.swift */ = {isa = PBXFileReference; fileEncoding = 4; lastKnownFileType = sourcecode.swift; path = ASN1ContextTagged.swift; sourceTree = "<group>"; };
		D351DCA4290E8D2500540132 /* ASN1Kit.xcframework */ = {isa = PBXFileReference; lastKnownFileType = wrapper.xcframework; name = ASN1Kit.xcframework; path = Carthage/Build/ASN1Kit.xcframework; sourceTree = "<group>"; };
		D351DCB8290EAC2500540132 /* ASN1CodingKit.swift */ = {isa = PBXFileReference; lastKnownFileType = sourcecode.swift; path = ASN1CodingKit.swift; sourceTree = "<group>"; };
		D351DCBF290EBE4500540132 /* DataKit.xcframework */ = {isa = PBXFileReference; lastKnownFileType = wrapper.xcframework; name = DataKit.xcframework; path = Carthage/Build/DataKit.xcframework; sourceTree = "<group>"; };
		D351DCC0290EBE4500540132 /* GemCommonsKit.xcframework */ = {isa = PBXFileReference; lastKnownFileType = wrapper.xcframework; name = GemCommonsKit.xcframework; path = Carthage/Build/GemCommonsKit.xcframework; sourceTree = "<group>"; };
		D351DCD9290ECE3200540132 /* Box.swift */ = {isa = PBXFileReference; lastKnownFileType = sourcecode.swift; path = Box.swift; sourceTree = "<group>"; };
		D351DCDC290EF91B00540132 /* KeyedDecodingContainer.swift */ = {isa = PBXFileReference; lastKnownFileType = sourcecode.swift; path = KeyedDecodingContainer.swift; sourceTree = "<group>"; };
		D351DCDD290EF91B00540132 /* SingleValueDecodingContainer.swift */ = {isa = PBXFileReference; lastKnownFileType = sourcecode.swift; path = SingleValueDecodingContainer.swift; sourceTree = "<group>"; };
		D351DCDE290EF91B00540132 /* ASN1DecoderImpl.swift */ = {isa = PBXFileReference; lastKnownFileType = sourcecode.swift; path = ASN1DecoderImpl.swift; sourceTree = "<group>"; };
		D351DCDF290EF91B00540132 /* UnkeyedDecodingContainer.swift */ = {isa = PBXFileReference; lastKnownFileType = sourcecode.swift; path = UnkeyedDecodingContainer.swift; sourceTree = "<group>"; };
		D351DCE0290EF91B00540132 /* ASN1Decoder.swift */ = {isa = PBXFileReference; lastKnownFileType = sourcecode.swift; path = ASN1Decoder.swift; sourceTree = "<group>"; };
		D351DCE1290EF91B00540132 /* ASN1DecodingContainer.swift */ = {isa = PBXFileReference; lastKnownFileType = sourcecode.swift; path = ASN1DecodingContainer.swift; sourceTree = "<group>"; };
		D399B207290FB1120010B730 /* ASN1Tagging.swift */ = {isa = PBXFileReference; lastKnownFileType = sourcecode.swift; path = ASN1Tagging.swift; sourceTree = "<group>"; };
/* End PBXFileReference section */

/* Begin PBXFrameworksBuildPhase section */
		D351DC27290E849200540132 /* Frameworks */ = {
			isa = PBXFrameworksBuildPhase;
			buildActionMask = 2147483647;
			files = (
				D351DCBE290EB83B00540132 /* ASN1Kit.xcframework in Frameworks */,
				D351DCC5290EC20D00540132 /* AnyCodable.xcframework in Frameworks */,
			);
			runOnlyForDeploymentPostprocessing = 0;
		};
		D351DC31290E849200540132 /* Frameworks */ = {
			isa = PBXFrameworksBuildPhase;
			buildActionMask = 2147483647;
			files = (
				D351DC35290E849200540132 /* ASN1CodingKit.framework in Frameworks */,
			);
			runOnlyForDeploymentPostprocessing = 0;
		};
		D351DC48290E8A4A00540132 /* Frameworks */ = {
			isa = PBXFrameworksBuildPhase;
			buildActionMask = 2147483647;
			files = (
				D351DCCA290EC5EE00540132 /* ASN1CodingKit.framework in Frameworks */,
			);
			runOnlyForDeploymentPostprocessing = 0;
		};
/* End PBXFrameworksBuildPhase section */

/* Begin PBXGroup section */
		D351DC20290E849200540132 = {
			isa = PBXGroup;
			children = (
				D351DC2C290E849200540132 /* ASN1CodingKit */,
				D351DC38290E849200540132 /* ASN1CodingKitTests */,
				D351DC4C290E8A4A00540132 /* certtest */,
				D351DC2B290E849200540132 /* Products */,
				D351DC44290E898300540132 /* Frameworks */,
			);
			sourceTree = "<group>";
		};
		D351DC2B290E849200540132 /* Products */ = {
			isa = PBXGroup;
			children = (
				D351DC2A290E849200540132 /* ASN1CodingKit.framework */,
				D351DC34290E849200540132 /* ASN1CodingKitTests.xctest */,
				D351DC4B290E8A4A00540132 /* certtest */,
			);
			name = Products;
			sourceTree = "<group>";
		};
		D351DC2C290E849200540132 /* ASN1CodingKit */ = {
			isa = PBXGroup;
			children = (
				D351DC65290E8AF700540132 /* Common */,
				D351DC6F290E8AF700540132 /* ASN1CodingKit.docc */,
				D351DCDB290EF91B00540132 /* Decoder */,
				D351DC70290E8AF700540132 /* Encoder */,
				D351DC78290E8AF700540132 /* Primitive */,
				D351DC7E290E8AF700540132 /* PropertyWrappers */,
			);
			path = ASN1CodingKit;
			sourceTree = "<group>";
		};
		D351DC38290E849200540132 /* ASN1CodingKitTests */ = {
			isa = PBXGroup;
			children = (
				D351DC39290E849200540132 /* ASN1CodingKitTests.swift */,
			);
			path = ASN1CodingKitTests;
			sourceTree = "<group>";
		};
		D351DC44290E898300540132 /* Frameworks */ = {
			isa = PBXGroup;
			children = (
				D351DCA4290E8D2500540132 /* ASN1Kit.xcframework */,
				D351DC45290E898300540132 /* AnyCodable.xcframework */,
				D351DCBF290EBE4500540132 /* DataKit.xcframework */,
				D351DCC0290EBE4500540132 /* GemCommonsKit.xcframework */,
			);
			name = Frameworks;
			sourceTree = "<group>";
		};
		D351DC4C290E8A4A00540132 /* certtest */ = {
			isa = PBXGroup;
			children = (
				D351DC5D290E8AAF00540132 /* asn1bridgetest.entitlements */,
				D351DC5F290E8AAF00540132 /* Helpers.swift */,
				D351DC5E290E8AAF00540132 /* main.swift */,
				D351DC5C290E8AAF00540132 /* RDNSequence.swift */,
				D351DC5B290E8AAF00540132 /* rfc2459.swift */,
			);
			path = certtest;
			sourceTree = "<group>";
		};
		D351DC65290E8AF700540132 /* Common */ = {
			isa = PBXGroup;
			children = (
				D33AC5DA2911172A003190DC /* ASN1ChoiceCodable.swift */,
				D351DC68290E8AF700540132 /* ASN1CodingContext.swift */,
				D351DCB8290EAC2500540132 /* ASN1CodingKit.swift */,
				D33AC5DE29121744003190DC /* ASN1NullObject.swift */,
				D351DC69290E8AF700540132 /* ASN1ObjectSet.swift */,
				D351DC6A290E8AF700540132 /* ASN1PreserveBinary.swift */,
				D351DC6E290E8AF700540132 /* ASN1UserInfoKeys.swift */,
				D351DC6C290E8AF700540132 /* ASN1TagNumberRepresentable.swift */,
				D351DC6D290E8AF700540132 /* ASN1TaggedType.swift */,
				D351DC6B290E8AF700540132 /* ASN1TaggedTypeRepresentable.swift */,
				D351DC66290E8AF700540132 /* ASN1TaggedProperty.swift */,
				D399B207290FB1120010B730 /* ASN1Tagging.swift */,
				D33AC5D42910F626003190DC /* ASN1UniversalTagRepresentable.swift */,
				D351DCD9290ECE3200540132 /* Box.swift */,
				D33AC5DC29120492003190DC /* OptionalProtocol.swift */,
			);
			path = Common;
			sourceTree = "<group>";
		};
		D351DC70290E8AF700540132 /* Encoder */ = {
			isa = PBXGroup;
			children = (
				D351DC76290E8AF700540132 /* ASN1Encoder.swift */,
				D351DC75290E8AF700540132 /* ASN1EncoderImpl.swift */,
				D351DC72290E8AF700540132 /* ASN1EncodingContainer.swift */,
				D33AC5D82910F796003190DC /* ASN1EncodingContext.swift */,
				D351DC73290E8AF700540132 /* SingleValueEncodingContainer.swift */,
				D351DC74290E8AF700540132 /* KeyedEncodingContainer.swift */,
				D351DC71290E8AF700540132 /* UnkeyedEncodingContainer.swift */,
			);
			path = Encoder;
			sourceTree = "<group>";
		};
		D351DC78290E8AF700540132 /* Primitive */ = {
			isa = PBXGroup;
			children = (
				D351DC79290E8AF700540132 /* Time.swift */,
				D351DC7A290E8AF700540132 /* BitString.swift */,
				D351DC7B290E8AF700540132 /* String.swift */,
			);
			path = Primitive;
			sourceTree = "<group>";
		};
		D351DC7E290E8AF700540132 /* PropertyWrappers */ = {
			isa = PBXGroup;
			children = (
				D351DC7F290E8AF700540132 /* ASN1ApplicationTagged.swift */,
				D351DC80290E8AF700540132 /* ASN1PrivateTagged.swift */,
				D351DC84290E8AF700540132 /* ASN1ContextTagged.swift */,
			);
			path = PropertyWrappers;
			sourceTree = "<group>";
		};
		D351DCDB290EF91B00540132 /* Decoder */ = {
			isa = PBXGroup;
			children = (
				D351DCE0290EF91B00540132 /* ASN1Decoder.swift */,
				D351DCDE290EF91B00540132 /* ASN1DecoderImpl.swift */,
				D351DCE1290EF91B00540132 /* ASN1DecodingContainer.swift */,
				D33AC5D62910F789003190DC /* ASN1DecodingContext.swift */,
				D351DCDD290EF91B00540132 /* SingleValueDecodingContainer.swift */,
				D351DCDC290EF91B00540132 /* KeyedDecodingContainer.swift */,
				D351DCDF290EF91B00540132 /* UnkeyedDecodingContainer.swift */,
			);
			path = Decoder;
			sourceTree = "<group>";
		};
/* End PBXGroup section */

/* Begin PBXHeadersBuildPhase section */
		D351DC25290E849200540132 /* Headers */ = {
			isa = PBXHeadersBuildPhase;
			buildActionMask = 2147483647;
			files = (
			);
			runOnlyForDeploymentPostprocessing = 0;
		};
/* End PBXHeadersBuildPhase section */

/* Begin PBXNativeTarget section */
		D351DC29290E849200540132 /* ASN1CodingKit */ = {
			isa = PBXNativeTarget;
			buildConfigurationList = D351DC3E290E849200540132 /* Build configuration list for PBXNativeTarget "ASN1CodingKit" */;
			buildPhases = (
				D351DC25290E849200540132 /* Headers */,
				D351DC26290E849200540132 /* Sources */,
				D351DC27290E849200540132 /* Frameworks */,
				D351DC28290E849200540132 /* Resources */,
				D351DCAA290EA8FE00540132 /* Embed Frameworks */,
			);
			buildRules = (
			);
			dependencies = (
			);
			name = ASN1CodingKit;
			productName = ASN1CodingKit;
			productReference = D351DC2A290E849200540132 /* ASN1CodingKit.framework */;
			productType = "com.apple.product-type.framework";
		};
		D351DC33290E849200540132 /* ASN1CodingKitTests */ = {
			isa = PBXNativeTarget;
			buildConfigurationList = D351DC41290E849200540132 /* Build configuration list for PBXNativeTarget "ASN1CodingKitTests" */;
			buildPhases = (
				D351DC30290E849200540132 /* Sources */,
				D351DC31290E849200540132 /* Frameworks */,
				D351DC32290E849200540132 /* Resources */,
			);
			buildRules = (
			);
			dependencies = (
				D351DC37290E849200540132 /* PBXTargetDependency */,
			);
			name = ASN1CodingKitTests;
			productName = ASN1CodingKitTests;
			productReference = D351DC34290E849200540132 /* ASN1CodingKitTests.xctest */;
			productType = "com.apple.product-type.bundle.unit-test";
		};
		D351DC4A290E8A4A00540132 /* certtest */ = {
			isa = PBXNativeTarget;
			buildConfigurationList = D351DC4F290E8A4A00540132 /* Build configuration list for PBXNativeTarget "certtest" */;
			buildPhases = (
				D351DC47290E8A4A00540132 /* Sources */,
				D351DC48290E8A4A00540132 /* Frameworks */,
				D351DC49290E8A4A00540132 /* CopyFiles */,
			);
			buildRules = (
			);
			dependencies = (
				D351DCCD290EC5EE00540132 /* PBXTargetDependency */,
			);
			name = certtest;
			productName = certtest;
			productReference = D351DC4B290E8A4A00540132 /* certtest */;
			productType = "com.apple.product-type.tool";
		};
/* End PBXNativeTarget section */

/* Begin PBXProject section */
		D351DC21290E849200540132 /* Project object */ = {
			isa = PBXProject;
			attributes = {
				BuildIndependentTargetsInParallel = 1;
				LastSwiftUpdateCheck = 1400;
				LastUpgradeCheck = 1400;
				TargetAttributes = {
					D351DC29290E849200540132 = {
						CreatedOnToolsVersion = 14.0.1;
					};
					D351DC33290E849200540132 = {
						CreatedOnToolsVersion = 14.0.1;
					};
					D351DC4A290E8A4A00540132 = {
						CreatedOnToolsVersion = 14.0.1;
						LastSwiftMigration = 1400;
					};
				};
			};
			buildConfigurationList = D351DC24290E849200540132 /* Build configuration list for PBXProject "ASN1CodingKit" */;
			compatibilityVersion = "Xcode 14.0";
			developmentRegion = en;
			hasScannedForEncodings = 0;
			knownRegions = (
				en,
				Base,
			);
			mainGroup = D351DC20290E849200540132;
			productRefGroup = D351DC2B290E849200540132 /* Products */;
			projectDirPath = "";
			projectRoot = "";
			targets = (
				D351DC29290E849200540132 /* ASN1CodingKit */,
				D351DC33290E849200540132 /* ASN1CodingKitTests */,
				D351DC4A290E8A4A00540132 /* certtest */,
			);
		};
/* End PBXProject section */

/* Begin PBXResourcesBuildPhase section */
		D351DC28290E849200540132 /* Resources */ = {
			isa = PBXResourcesBuildPhase;
			buildActionMask = 2147483647;
			files = (
			);
			runOnlyForDeploymentPostprocessing = 0;
		};
		D351DC32290E849200540132 /* Resources */ = {
			isa = PBXResourcesBuildPhase;
			buildActionMask = 2147483647;
			files = (
			);
			runOnlyForDeploymentPostprocessing = 0;
		};
/* End PBXResourcesBuildPhase section */

/* Begin PBXSourcesBuildPhase section */
		D351DC26290E849200540132 /* Sources */ = {
			isa = PBXSourcesBuildPhase;
			buildActionMask = 2147483647;
			files = (
				D351DCDA290ECE3200540132 /* Box.swift in Sources */,
				D351DC99290E8AF700540132 /* String.swift in Sources */,
				D351DC8E290E8AF700540132 /* ASN1UserInfoKeys.swift in Sources */,
				D351DC8C290E8AF700540132 /* ASN1TagNumberRepresentable.swift in Sources */,
				D351DC92290E8AF700540132 /* SingleValueEncodingContainer.swift in Sources */,
				D33AC5D72910F789003190DC /* ASN1DecodingContext.swift in Sources */,
				D351DC8B290E8AF700540132 /* ASN1TaggedTypeRepresentable.swift in Sources */,
				D351DCE4290EF95E00540132 /* ASN1DecoderImpl.swift in Sources */,
				D351DCE5290EF95E00540132 /* KeyedDecodingContainer.swift in Sources */,
				D351DCE6290EF95E00540132 /* UnkeyedDecodingContainer.swift in Sources */,
				D351DC91290E8AF700540132 /* ASN1EncodingContainer.swift in Sources */,
				D351DC97290E8AF700540132 /* Time.swift in Sources */,
				D351DC98290E8AF700540132 /* BitString.swift in Sources */,
				D351DCE7290EF95E00540132 /* SingleValueDecodingContainer.swift in Sources */,
				D351DC89290E8AF700540132 /* ASN1ObjectSet.swift in Sources */,
				D351DCE2290EF95E00540132 /* ASN1Decoder.swift in Sources */,
				D33AC5DF29121744003190DC /* ASN1NullObject.swift in Sources */,
				D351DC8A290E8AF700540132 /* ASN1PreserveBinary.swift in Sources */,
				D351DC8F290E8AF700540132 /* ASN1CodingKit.docc in Sources */,
				D351DC93290E8AF700540132 /* KeyedEncodingContainer.swift in Sources */,
				D33AC5D52910F626003190DC /* ASN1UniversalTagRepresentable.swift in Sources */,
				D351DC90290E8AF700540132 /* UnkeyedEncodingContainer.swift in Sources */,
				D33AC5D92910F796003190DC /* ASN1EncodingContext.swift in Sources */,
				D351DC9C290E8AF700540132 /* ASN1PrivateTagged.swift in Sources */,
				D33AC5DD29120492003190DC /* OptionalProtocol.swift in Sources */,
				D351DCE3290EF95E00540132 /* ASN1DecodingContainer.swift in Sources */,
				D351DC86290E8AF700540132 /* ASN1TaggedProperty.swift in Sources */,
				D351DC94290E8AF700540132 /* ASN1EncoderImpl.swift in Sources */,
				D351DC8D290E8AF700540132 /* ASN1TaggedType.swift in Sources */,
				D351DC9B290E8AF700540132 /* ASN1ApplicationTagged.swift in Sources */,
				D399B208290FB1120010B730 /* ASN1Tagging.swift in Sources */,
				D351DCA0290E8AF700540132 /* ASN1ContextTagged.swift in Sources */,
				D351DCB9290EAC2500540132 /* ASN1CodingKit.swift in Sources */,
				D351DC88290E8AF700540132 /* ASN1CodingContext.swift in Sources */,
				D33AC5DB2911172A003190DC /* ASN1ChoiceCodable.swift in Sources */,
				D351DC95290E8AF700540132 /* ASN1Encoder.swift in Sources */,
			);
			runOnlyForDeploymentPostprocessing = 0;
		};
		D351DC30290E849200540132 /* Sources */ = {
			isa = PBXSourcesBuildPhase;
			buildActionMask = 2147483647;
			files = (
				D351DC3A290E849200540132 /* ASN1CodingKitTests.swift in Sources */,
			);
			runOnlyForDeploymentPostprocessing = 0;
		};
		D351DC47290E8A4A00540132 /* Sources */ = {
			isa = PBXSourcesBuildPhase;
			buildActionMask = 2147483647;
			files = (
				D351DC60290E8AAF00540132 /* rfc2459.swift in Sources */,
				D351DC61290E8AAF00540132 /* RDNSequence.swift in Sources */,
				D351DC62290E8AAF00540132 /* main.swift in Sources */,
				D351DC63290E8AAF00540132 /* Helpers.swift in Sources */,
			);
			runOnlyForDeploymentPostprocessing = 0;
		};
/* End PBXSourcesBuildPhase section */

/* Begin PBXTargetDependency section */
		D351DC37290E849200540132 /* PBXTargetDependency */ = {
			isa = PBXTargetDependency;
			target = D351DC29290E849200540132 /* ASN1CodingKit */;
			targetProxy = D351DC36290E849200540132 /* PBXContainerItemProxy */;
		};
		D351DCCD290EC5EE00540132 /* PBXTargetDependency */ = {
			isa = PBXTargetDependency;
			target = D351DC29290E849200540132 /* ASN1CodingKit */;
			targetProxy = D351DCCC290EC5EE00540132 /* PBXContainerItemProxy */;
		};
/* End PBXTargetDependency section */

/* Begin XCBuildConfiguration section */
		D351DC3C290E849200540132 /* Debug */ = {
			isa = XCBuildConfiguration;
			buildSettings = {
				ALWAYS_SEARCH_USER_PATHS = NO;
				CLANG_ANALYZER_NONNULL = YES;
				CLANG_ANALYZER_NUMBER_OBJECT_CONVERSION = YES_AGGRESSIVE;
				CLANG_CXX_LANGUAGE_STANDARD = "gnu++20";
				CLANG_ENABLE_MODULES = YES;
				CLANG_ENABLE_OBJC_ARC = YES;
				CLANG_ENABLE_OBJC_WEAK = YES;
				CLANG_WARN_BLOCK_CAPTURE_AUTORELEASING = YES;
				CLANG_WARN_BOOL_CONVERSION = YES;
				CLANG_WARN_COMMA = YES;
				CLANG_WARN_CONSTANT_CONVERSION = YES;
				CLANG_WARN_DEPRECATED_OBJC_IMPLEMENTATIONS = YES;
				CLANG_WARN_DIRECT_OBJC_ISA_USAGE = YES_ERROR;
				CLANG_WARN_DOCUMENTATION_COMMENTS = YES;
				CLANG_WARN_EMPTY_BODY = YES;
				CLANG_WARN_ENUM_CONVERSION = YES;
				CLANG_WARN_INFINITE_RECURSION = YES;
				CLANG_WARN_INT_CONVERSION = YES;
				CLANG_WARN_NON_LITERAL_NULL_CONVERSION = YES;
				CLANG_WARN_OBJC_IMPLICIT_RETAIN_SELF = YES;
				CLANG_WARN_OBJC_LITERAL_CONVERSION = YES;
				CLANG_WARN_OBJC_ROOT_CLASS = YES_ERROR;
				CLANG_WARN_QUOTED_INCLUDE_IN_FRAMEWORK_HEADER = YES;
				CLANG_WARN_RANGE_LOOP_ANALYSIS = YES;
				CLANG_WARN_STRICT_PROTOTYPES = YES;
				CLANG_WARN_SUSPICIOUS_MOVE = YES;
				CLANG_WARN_UNGUARDED_AVAILABILITY = YES_AGGRESSIVE;
				CLANG_WARN_UNREACHABLE_CODE = YES;
				CLANG_WARN__DUPLICATE_METHOD_MATCH = YES;
				COPY_PHASE_STRIP = NO;
				CURRENT_PROJECT_VERSION = 1;
				DEBUG_INFORMATION_FORMAT = dwarf;
				ENABLE_STRICT_OBJC_MSGSEND = YES;
				ENABLE_TESTABILITY = YES;
				GCC_C_LANGUAGE_STANDARD = gnu11;
				GCC_DYNAMIC_NO_PIC = NO;
				GCC_NO_COMMON_BLOCKS = YES;
				GCC_OPTIMIZATION_LEVEL = 0;
				GCC_PREPROCESSOR_DEFINITIONS = (
					"DEBUG=1",
					"$(inherited)",
				);
				GCC_WARN_64_TO_32_BIT_CONVERSION = YES;
				GCC_WARN_ABOUT_RETURN_TYPE = YES_ERROR;
				GCC_WARN_UNDECLARED_SELECTOR = YES;
				GCC_WARN_UNINITIALIZED_AUTOS = YES_AGGRESSIVE;
				GCC_WARN_UNUSED_FUNCTION = YES;
				GCC_WARN_UNUSED_VARIABLE = YES;
				MTL_ENABLE_DEBUG_INFO = INCLUDE_SOURCE;
				MTL_FAST_MATH = YES;
				ONLY_ACTIVE_ARCH = YES;
				SWIFT_ACTIVE_COMPILATION_CONDITIONS = DEBUG;
				SWIFT_OPTIMIZATION_LEVEL = "-Onone";
				VERSIONING_SYSTEM = "apple-generic";
				VERSION_INFO_PREFIX = "";
			};
			name = Debug;
		};
		D351DC3D290E849200540132 /* Release */ = {
			isa = XCBuildConfiguration;
			buildSettings = {
				ALWAYS_SEARCH_USER_PATHS = NO;
				CLANG_ANALYZER_NONNULL = YES;
				CLANG_ANALYZER_NUMBER_OBJECT_CONVERSION = YES_AGGRESSIVE;
				CLANG_CXX_LANGUAGE_STANDARD = "gnu++20";
				CLANG_ENABLE_MODULES = YES;
				CLANG_ENABLE_OBJC_ARC = YES;
				CLANG_ENABLE_OBJC_WEAK = YES;
				CLANG_WARN_BLOCK_CAPTURE_AUTORELEASING = YES;
				CLANG_WARN_BOOL_CONVERSION = YES;
				CLANG_WARN_COMMA = YES;
				CLANG_WARN_CONSTANT_CONVERSION = YES;
				CLANG_WARN_DEPRECATED_OBJC_IMPLEMENTATIONS = YES;
				CLANG_WARN_DIRECT_OBJC_ISA_USAGE = YES_ERROR;
				CLANG_WARN_DOCUMENTATION_COMMENTS = YES;
				CLANG_WARN_EMPTY_BODY = YES;
				CLANG_WARN_ENUM_CONVERSION = YES;
				CLANG_WARN_INFINITE_RECURSION = YES;
				CLANG_WARN_INT_CONVERSION = YES;
				CLANG_WARN_NON_LITERAL_NULL_CONVERSION = YES;
				CLANG_WARN_OBJC_IMPLICIT_RETAIN_SELF = YES;
				CLANG_WARN_OBJC_LITERAL_CONVERSION = YES;
				CLANG_WARN_OBJC_ROOT_CLASS = YES_ERROR;
				CLANG_WARN_QUOTED_INCLUDE_IN_FRAMEWORK_HEADER = YES;
				CLANG_WARN_RANGE_LOOP_ANALYSIS = YES;
				CLANG_WARN_STRICT_PROTOTYPES = YES;
				CLANG_WARN_SUSPICIOUS_MOVE = YES;
				CLANG_WARN_UNGUARDED_AVAILABILITY = YES_AGGRESSIVE;
				CLANG_WARN_UNREACHABLE_CODE = YES;
				CLANG_WARN__DUPLICATE_METHOD_MATCH = YES;
				COPY_PHASE_STRIP = NO;
				CURRENT_PROJECT_VERSION = 1;
				DEBUG_INFORMATION_FORMAT = "dwarf-with-dsym";
				ENABLE_NS_ASSERTIONS = NO;
				ENABLE_STRICT_OBJC_MSGSEND = YES;
				GCC_C_LANGUAGE_STANDARD = gnu11;
				GCC_NO_COMMON_BLOCKS = YES;
				GCC_WARN_64_TO_32_BIT_CONVERSION = YES;
				GCC_WARN_ABOUT_RETURN_TYPE = YES_ERROR;
				GCC_WARN_UNDECLARED_SELECTOR = YES;
				GCC_WARN_UNINITIALIZED_AUTOS = YES_AGGRESSIVE;
				GCC_WARN_UNUSED_FUNCTION = YES;
				GCC_WARN_UNUSED_VARIABLE = YES;
				MTL_ENABLE_DEBUG_INFO = NO;
				MTL_FAST_MATH = YES;
				SWIFT_COMPILATION_MODE = wholemodule;
				SWIFT_OPTIMIZATION_LEVEL = "-O";
				VERSIONING_SYSTEM = "apple-generic";
				VERSION_INFO_PREFIX = "";
			};
			name = Release;
		};
		D351DC3F290E849200540132 /* Debug */ = {
			isa = XCBuildConfiguration;
			buildSettings = {
				CODE_SIGN_IDENTITY = "Apple Development";
				CODE_SIGN_STYLE = Automatic;
				CURRENT_PROJECT_VERSION = 1;
				DEFINES_MODULE = YES;
				DEVELOPMENT_TEAM = T53Q9CN4T9;
				DYLIB_COMPATIBILITY_VERSION = 1;
				DYLIB_CURRENT_VERSION = 1;
				DYLIB_INSTALL_NAME_BASE = "@rpath";
				FRAMEWORK_SEARCH_PATHS = (
					"$(inherited)",
					"\"Carthage/Build\"",
				);
				GENERATE_INFOPLIST_FILE = YES;
				INFOPLIST_KEY_NSHumanReadableCopyright = "";
				INSTALL_PATH = "$(LOCAL_LIBRARY_DIR)/Frameworks";
				IPHONEOS_DEPLOYMENT_TARGET = 16.0;
				LD_RUNPATH_SEARCH_PATHS = (
					"$(inherited)",
					"@executable_path/Frameworks",
					"@loader_path/Frameworks",
				);
				MACOSX_DEPLOYMENT_TARGET = 12.0;
				MARKETING_VERSION = 1.0;
				PRODUCT_BUNDLE_IDENTIFIER = com.padl.ASN1CodingKit;
				PRODUCT_NAME = "$(TARGET_NAME:c99extidentifier)";
				SDKROOT = auto;
				SKIP_INSTALL = YES;
				SUPPORTED_PLATFORMS = macosx;
				SUPPORTS_MACCATALYST = NO;
				SUPPORTS_MAC_DESIGNED_FOR_IPHONE_IPAD = NO;
				SWIFT_EMIT_LOC_STRINGS = YES;
				SWIFT_VERSION = 5.0;
			};
			name = Debug;
		};
		D351DC40290E849200540132 /* Release */ = {
			isa = XCBuildConfiguration;
			buildSettings = {
				CODE_SIGN_IDENTITY = "Apple Development";
				CODE_SIGN_STYLE = Automatic;
				CURRENT_PROJECT_VERSION = 1;
				DEFINES_MODULE = YES;
				DEVELOPMENT_TEAM = T53Q9CN4T9;
				DYLIB_COMPATIBILITY_VERSION = 1;
				DYLIB_CURRENT_VERSION = 1;
				DYLIB_INSTALL_NAME_BASE = "@rpath";
				FRAMEWORK_SEARCH_PATHS = (
					"$(inherited)",
					"\"Carthage/Build\"",
				);
				GENERATE_INFOPLIST_FILE = YES;
				INFOPLIST_KEY_NSHumanReadableCopyright = "";
				INSTALL_PATH = "$(LOCAL_LIBRARY_DIR)/Frameworks";
				IPHONEOS_DEPLOYMENT_TARGET = 16.0;
				LD_RUNPATH_SEARCH_PATHS = (
					"$(inherited)",
					"@executable_path/Frameworks",
					"@loader_path/Frameworks",
				);
				MACOSX_DEPLOYMENT_TARGET = 12.0;
				MARKETING_VERSION = 1.0;
				PRODUCT_BUNDLE_IDENTIFIER = com.padl.ASN1CodingKit;
				PRODUCT_NAME = "$(TARGET_NAME:c99extidentifier)";
				SDKROOT = auto;
				SKIP_INSTALL = YES;
				SUPPORTED_PLATFORMS = macosx;
				SUPPORTS_MACCATALYST = NO;
				SUPPORTS_MAC_DESIGNED_FOR_IPHONE_IPAD = NO;
				SWIFT_EMIT_LOC_STRINGS = YES;
				SWIFT_VERSION = 5.0;
			};
			name = Release;
		};
		D351DC42290E849200540132 /* Debug */ = {
			isa = XCBuildConfiguration;
			buildSettings = {
				ALWAYS_EMBED_SWIFT_STANDARD_LIBRARIES = YES;
				CODE_SIGN_STYLE = Automatic;
				CURRENT_PROJECT_VERSION = 1;
				DEVELOPMENT_TEAM = T53Q9CN4T9;
				GENERATE_INFOPLIST_FILE = YES;
				IPHONEOS_DEPLOYMENT_TARGET = 16.0;
				MACOSX_DEPLOYMENT_TARGET = 12.0;
				MARKETING_VERSION = 1.0;
				PRODUCT_BUNDLE_IDENTIFIER = com.padl.ASN1CodingKitTests;
				PRODUCT_NAME = "$(TARGET_NAME)";
				SDKROOT = auto;
				SUPPORTED_PLATFORMS = macosx;
				SUPPORTS_MACCATALYST = NO;
				SUPPORTS_MAC_DESIGNED_FOR_IPHONE_IPAD = NO;
				SWIFT_EMIT_LOC_STRINGS = NO;
				SWIFT_VERSION = 5.0;
			};
			name = Debug;
		};
		D351DC43290E849200540132 /* Release */ = {
			isa = XCBuildConfiguration;
			buildSettings = {
				ALWAYS_EMBED_SWIFT_STANDARD_LIBRARIES = YES;
				CODE_SIGN_STYLE = Automatic;
				CURRENT_PROJECT_VERSION = 1;
				DEVELOPMENT_TEAM = T53Q9CN4T9;
				GENERATE_INFOPLIST_FILE = YES;
				IPHONEOS_DEPLOYMENT_TARGET = 16.0;
				MACOSX_DEPLOYMENT_TARGET = 12.0;
				MARKETING_VERSION = 1.0;
				PRODUCT_BUNDLE_IDENTIFIER = com.padl.ASN1CodingKitTests;
				PRODUCT_NAME = "$(TARGET_NAME)";
				SDKROOT = auto;
				SUPPORTED_PLATFORMS = macosx;
				SUPPORTS_MACCATALYST = NO;
				SUPPORTS_MAC_DESIGNED_FOR_IPHONE_IPAD = NO;
				SWIFT_EMIT_LOC_STRINGS = NO;
				SWIFT_VERSION = 5.0;
			};
			name = Release;
		};
		D351DC50290E8A4A00540132 /* Debug */ = {
			isa = XCBuildConfiguration;
			buildSettings = {
				CLANG_ENABLE_MODULES = YES;
				CODE_SIGN_IDENTITY = "Apple Development";
				CODE_SIGN_STYLE = Automatic;
				DEVELOPMENT_TEAM = T53Q9CN4T9;
				ENABLE_HARDENED_RUNTIME = YES;
				LD_RUNPATH_SEARCH_PATHS = (
					"@executable_path/ASN1CodingKit.framework/Versions/Current/Frameworks",
					"@executable_path",
				);
				MACOSX_DEPLOYMENT_TARGET = 12.0;
				OTHER_LDFLAGS = "";
				PRODUCT_BUNDLE_IDENTIFIER = com.padl.certtest;
				PRODUCT_NAME = "$(TARGET_NAME)";
				PROVISIONING_PROFILE_SPECIFIER = "";
				SDKROOT = macosx;
				SWIFT_OPTIMIZATION_LEVEL = "-Onone";
				SWIFT_VERSION = 5.0;
			};
			name = Debug;
		};
		D351DC51290E8A4A00540132 /* Release */ = {
			isa = XCBuildConfiguration;
			buildSettings = {
				CLANG_ENABLE_MODULES = YES;
				CODE_SIGN_IDENTITY = "Apple Development";
				CODE_SIGN_STYLE = Automatic;
				DEVELOPMENT_TEAM = T53Q9CN4T9;
				ENABLE_HARDENED_RUNTIME = YES;
				LD_RUNPATH_SEARCH_PATHS = (
					"@executable_path/ASN1CodingKit.framework/Versions/Current/Frameworks",
					"@executable_path",
				);
				MACOSX_DEPLOYMENT_TARGET = 12.0;
				OTHER_LDFLAGS = "";
				PRODUCT_BUNDLE_IDENTIFIER = com.padl.certtest;
				PRODUCT_NAME = "$(TARGET_NAME)";
				PROVISIONING_PROFILE_SPECIFIER = "";
				SDKROOT = macosx;
				SWIFT_VERSION = 5.0;
			};
			name = Release;
		};
/* End XCBuildConfiguration section */

/* Begin XCConfigurationList section */
		D351DC24290E849200540132 /* Build configuration list for PBXProject "ASN1CodingKit" */ = {
			isa = XCConfigurationList;
			buildConfigurations = (
				D351DC3C290E849200540132 /* Debug */,
				D351DC3D290E849200540132 /* Release */,
			);
			defaultConfigurationIsVisible = 0;
			defaultConfigurationName = Release;
		};
		D351DC3E290E849200540132 /* Build configuration list for PBXNativeTarget "ASN1CodingKit" */ = {
			isa = XCConfigurationList;
			buildConfigurations = (
				D351DC3F290E849200540132 /* Debug */,
				D351DC40290E849200540132 /* Release */,
			);
			defaultConfigurationIsVisible = 0;
			defaultConfigurationName = Release;
		};
		D351DC41290E849200540132 /* Build configuration list for PBXNativeTarget "ASN1CodingKitTests" */ = {
			isa = XCConfigurationList;
			buildConfigurations = (
				D351DC42290E849200540132 /* Debug */,
				D351DC43290E849200540132 /* Release */,
			);
			defaultConfigurationIsVisible = 0;
			defaultConfigurationName = Release;
		};
		D351DC4F290E8A4A00540132 /* Build configuration list for PBXNativeTarget "certtest" */ = {
			isa = XCConfigurationList;
			buildConfigurations = (
				D351DC50290E8A4A00540132 /* Debug */,
				D351DC51290E8A4A00540132 /* Release */,
			);
			defaultConfigurationIsVisible = 0;
			defaultConfigurationName = Release;
		};
/* End XCConfigurationList section */
	};
	rootObject = D351DC21290E849200540132 /* Project object */;
}
