// !$*UTF8*$!
{
	archiveVersion = 1;
	classes = {
	};
	objectVersion = 56;
	objects = {

/* Begin PBXBuildFile section */
		D30F2DE72920A77B009299A3 /* HeimASN1Tagging.swift in Sources */ = {isa = PBXBuildFile; fileRef = D30F2DE62920A77B009299A3 /* HeimASN1Tagging.swift */; };
		D30F2DE92920A7A4009299A3 /* HeimASN1Module.swift in Sources */ = {isa = PBXBuildFile; fileRef = D30F2DE82920A7A4009299A3 /* HeimASN1Module.swift */; };
		D30F2DEB2920A818009299A3 /* Data+Extras.swift in Sources */ = {isa = PBXBuildFile; fileRef = D30F2DEA2920A818009299A3 /* Data+Extras.swift */; };
		D30F2DF3292201A8009299A3 /* rfc2459.json in Sources */ = {isa = PBXBuildFile; fileRef = D30F2DF129220148009299A3 /* rfc2459.json */; };
		D30F2E0029221671009299A3 /* (null) in Sources */ = {isa = PBXBuildFile; };
		D30F2E01292216D1009299A3 /* CertificateHelpers.swift in Sources */ = {isa = PBXBuildFile; fileRef = D351DC5C290E8AAF00540132 /* CertificateHelpers.swift */; };
		D31CABA5291B787300D299F0 /* AnyCodable in Frameworks */ = {isa = PBXBuildFile; productRef = D31CABA4291B787300D299F0 /* AnyCodable */; };
		D33AC5D52910F626003190DC /* ASN1UniversalTagRepresentable.swift in Sources */ = {isa = PBXBuildFile; fileRef = D33AC5D42910F626003190DC /* ASN1UniversalTagRepresentable.swift */; };
		D33AC5D72910F789003190DC /* ASN1DecodingContext.swift in Sources */ = {isa = PBXBuildFile; fileRef = D33AC5D62910F789003190DC /* ASN1DecodingContext.swift */; };
		D33AC5D92910F796003190DC /* ASN1EncodingContext.swift in Sources */ = {isa = PBXBuildFile; fileRef = D33AC5D82910F796003190DC /* ASN1EncodingContext.swift */; };
		D33AC5DD29120492003190DC /* OptionalProtocol.swift in Sources */ = {isa = PBXBuildFile; fileRef = D33AC5DC29120492003190DC /* OptionalProtocol.swift */; };
		D33AC5DF29121744003190DC /* ASN1NullObject.swift in Sources */ = {isa = PBXBuildFile; fileRef = D33AC5DE29121744003190DC /* ASN1NullObject.swift */; };
		D351DC35290E849200540132 /* ASN1Codable.framework in Frameworks */ = {isa = PBXBuildFile; fileRef = D351DC2A290E849200540132 /* ASN1Codable.framework */; };
		D351DC3A290E849200540132 /* ASN1CodableTests in Sources */ = {isa = PBXBuildFile; fileRef = D351DC39290E849200540132 /* ASN1CodableTests */; };
		D351DC62290E8AAF00540132 /* main.swift in Sources */ = {isa = PBXBuildFile; fileRef = D351DC5E290E8AAF00540132 /* main.swift */; };
		D351DC86290E8AF700540132 /* ASN1TaggedWrappedValue.swift in Sources */ = {isa = PBXBuildFile; fileRef = D351DC66290E8AF700540132 /* ASN1TaggedWrappedValue.swift */; };
		D351DC88290E8AF700540132 /* ASN1CodingContext.swift in Sources */ = {isa = PBXBuildFile; fileRef = D351DC68290E8AF700540132 /* ASN1CodingContext.swift */; };
		D351DC89290E8AF700540132 /* ASN1ObjectSet.swift in Sources */ = {isa = PBXBuildFile; fileRef = D351DC69290E8AF700540132 /* ASN1ObjectSet.swift */; };
		D351DC8A290E8AF700540132 /* ASN1PreserveBinary.swift in Sources */ = {isa = PBXBuildFile; fileRef = D351DC6A290E8AF700540132 /* ASN1PreserveBinary.swift */; };
		D351DC8B290E8AF700540132 /* ASN1TaggedTypeRepresentable.swift in Sources */ = {isa = PBXBuildFile; fileRef = D351DC6B290E8AF700540132 /* ASN1TaggedTypeRepresentable.swift */; };
		D351DC8C290E8AF700540132 /* ASN1TagNumberRepresentable.swift in Sources */ = {isa = PBXBuildFile; fileRef = D351DC6C290E8AF700540132 /* ASN1TagNumberRepresentable.swift */; };
		D351DC8D290E8AF700540132 /* ASN1TaggedType.swift in Sources */ = {isa = PBXBuildFile; fileRef = D351DC6D290E8AF700540132 /* ASN1TaggedType.swift */; };
		D351DC8F290E8AF700540132 /* ASN1Codable.docc in Sources */ = {isa = PBXBuildFile; fileRef = D351DC6F290E8AF700540132 /* ASN1Codable.docc */; };
		D351DC90290E8AF700540132 /* UnkeyedEncodingContainer.swift in Sources */ = {isa = PBXBuildFile; fileRef = D351DC71290E8AF700540132 /* UnkeyedEncodingContainer.swift */; };
		D351DC91290E8AF700540132 /* ASN1EncodingContainer.swift in Sources */ = {isa = PBXBuildFile; fileRef = D351DC72290E8AF700540132 /* ASN1EncodingContainer.swift */; };
		D351DC92290E8AF700540132 /* SingleValueEncodingContainer.swift in Sources */ = {isa = PBXBuildFile; fileRef = D351DC73290E8AF700540132 /* SingleValueEncodingContainer.swift */; };
		D351DC93290E8AF700540132 /* KeyedEncodingContainer.swift in Sources */ = {isa = PBXBuildFile; fileRef = D351DC74290E8AF700540132 /* KeyedEncodingContainer.swift */; };
		D351DC94290E8AF700540132 /* ASN1EncoderImpl.swift in Sources */ = {isa = PBXBuildFile; fileRef = D351DC75290E8AF700540132 /* ASN1EncoderImpl.swift */; };
		D351DC95290E8AF700540132 /* ASN1Encoder.swift in Sources */ = {isa = PBXBuildFile; fileRef = D351DC76290E8AF700540132 /* ASN1Encoder.swift */; };
		D351DC97290E8AF700540132 /* Time.swift in Sources */ = {isa = PBXBuildFile; fileRef = D351DC79290E8AF700540132 /* Time.swift */; };
		D351DC98290E8AF700540132 /* BitString.swift in Sources */ = {isa = PBXBuildFile; fileRef = D351DC7A290E8AF700540132 /* BitString.swift */; };
		D351DC99290E8AF700540132 /* String.swift in Sources */ = {isa = PBXBuildFile; fileRef = D351DC7B290E8AF700540132 /* String.swift */; };
		D351DC9B290E8AF700540132 /* ASN1ApplicationTagged.swift in Sources */ = {isa = PBXBuildFile; fileRef = D351DC7F290E8AF700540132 /* ASN1ApplicationTagged.swift */; };
		D351DC9C290E8AF700540132 /* ASN1PrivateTagged.swift in Sources */ = {isa = PBXBuildFile; fileRef = D351DC80290E8AF700540132 /* ASN1PrivateTagged.swift */; };
		D351DCA0290E8AF700540132 /* ASN1ContextTagged.swift in Sources */ = {isa = PBXBuildFile; fileRef = D351DC84290E8AF700540132 /* ASN1ContextTagged.swift */; };
		D351DCB9290EAC2500540132 /* ASN1Codable.swift in Sources */ = {isa = PBXBuildFile; fileRef = D351DCB8290EAC2500540132 /* ASN1Codable.swift */; };
		D351DCCA290EC5EE00540132 /* ASN1Codable.framework in Frameworks */ = {isa = PBXBuildFile; fileRef = D351DC2A290E849200540132 /* ASN1Codable.framework */; };
		D351DCDA290ECE3200540132 /* Box.swift in Sources */ = {isa = PBXBuildFile; fileRef = D351DCD9290ECE3200540132 /* Box.swift */; };
		D351DCE2290EF95E00540132 /* ASN1Decoder.swift in Sources */ = {isa = PBXBuildFile; fileRef = D351DCE0290EF91B00540132 /* ASN1Decoder.swift */; };
		D351DCE3290EF95E00540132 /* ASN1DecodingContainer.swift in Sources */ = {isa = PBXBuildFile; fileRef = D351DCE1290EF91B00540132 /* ASN1DecodingContainer.swift */; };
		D351DCE4290EF95E00540132 /* ASN1DecoderImpl.swift in Sources */ = {isa = PBXBuildFile; fileRef = D351DCDE290EF91B00540132 /* ASN1DecoderImpl.swift */; };
		D351DCE5290EF95E00540132 /* KeyedDecodingContainer.swift in Sources */ = {isa = PBXBuildFile; fileRef = D351DCDC290EF91B00540132 /* KeyedDecodingContainer.swift */; };
		D351DCE6290EF95E00540132 /* UnkeyedDecodingContainer.swift in Sources */ = {isa = PBXBuildFile; fileRef = D351DCDF290EF91B00540132 /* UnkeyedDecodingContainer.swift */; };
		D351DCE7290EF95E00540132 /* SingleValueDecodingContainer.swift in Sources */ = {isa = PBXBuildFile; fileRef = D351DCDD290EF91B00540132 /* SingleValueDecodingContainer.swift */; };
		D363A44A292AF21C007476B4 /* ASN1CodingKey.swift in Sources */ = {isa = PBXBuildFile; fileRef = D363A449292AF21C007476B4 /* ASN1CodingKey.swift */; };
		D382641329299C6400808667 /* ASN1Metatype.swift in Sources */ = {isa = PBXBuildFile; fileRef = D382641229299C6400808667 /* ASN1Metatype.swift */; };
		D3826417292ACE0700808667 /* Data+HexString.swift in Sources */ = {isa = PBXBuildFile; fileRef = D3826416292ACE0700808667 /* Data+HexString.swift */; };
		D382641A292AD54900808667 /* ASN1TaggedDictionary.swift in Sources */ = {isa = PBXBuildFile; fileRef = D3826418292AD1F400808667 /* ASN1TaggedDictionary.swift */; };
		D382641D292ADA6600808667 /* ASN1DecodedTag+Extras.swift in Sources */ = {isa = PBXBuildFile; fileRef = D382641B292ADA5300808667 /* ASN1DecodedTag+Extras.swift */; };
		D389097129223ACD00FF05C4 /* ASN1ExtensibleType.swift in Sources */ = {isa = PBXBuildFile; fileRef = D389097029223ACD00FF05C4 /* ASN1ExtensibleType.swift */; };
		D399B208290FB1120010B730 /* ASN1Tagging.swift in Sources */ = {isa = PBXBuildFile; fileRef = D399B207290FB1120010B730 /* ASN1Tagging.swift */; };
		D3C67EB3291E00F50018F3D3 /* ASN1Tag+SwiftType.swift in Sources */ = {isa = PBXBuildFile; fileRef = D3C67EB2291E00F50018F3D3 /* ASN1Tag+SwiftType.swift */; };
		D3C67EB5291E010D0018F3D3 /* HeimASN1UniversalType.swift in Sources */ = {isa = PBXBuildFile; fileRef = D3C67EB4291E010D0018F3D3 /* HeimASN1UniversalType.swift */; };
		D3C67EB7291E01160018F3D3 /* HeimASN1TypeDef.swift in Sources */ = {isa = PBXBuildFile; fileRef = D3C67EB6291E01150018F3D3 /* HeimASN1TypeDef.swift */; };
		D3C67EB9291E012F0018F3D3 /* HeimASN1TypeMember.swift in Sources */ = {isa = PBXBuildFile; fileRef = D3C67EB8291E012F0018F3D3 /* HeimASN1TypeMember.swift */; };
		D3C67EBB291E01430018F3D3 /* HeimASN1OpenType.swift in Sources */ = {isa = PBXBuildFile; fileRef = D3C67EBA291E01430018F3D3 /* HeimASN1OpenType.swift */; };
		D3C67EBD291E01540018F3D3 /* HeimASN1Decoration.swift in Sources */ = {isa = PBXBuildFile; fileRef = D3C67EBC291E01540018F3D3 /* HeimASN1Decoration.swift */; };
		D3C67EC42925B6840018F3D3 /* TranslateCommand.swift in Sources */ = {isa = PBXBuildFile; fileRef = D3C67EC02925ADBE0018F3D3 /* TranslateCommand.swift */; };
		D3C67EC52925B6870018F3D3 /* VersionCommand.swift in Sources */ = {isa = PBXBuildFile; fileRef = D3C67EC22925ADC60018F3D3 /* VersionCommand.swift */; };
		D3D13E61291339FA00218279 /* ASN1Kit in Frameworks */ = {isa = PBXBuildFile; productRef = D3D13E60291339FA00218279 /* ASN1Kit */; };
		D3D13E6429133A2200218279 /* AnyCodable in Frameworks */ = {isa = PBXBuildFile; productRef = D3D13E6329133A2200218279 /* AnyCodable */; };
		D3D13E6729133AB600218279 /* Echo in Frameworks */ = {isa = PBXBuildFile; productRef = D3D13E6629133AB600218279 /* Echo */; };
		D3D13E6F291342D500218279 /* main.swift in Sources */ = {isa = PBXBuildFile; fileRef = D3D13E6E291342D500218279 /* main.swift */; };
		D3D13E73291342DB00218279 /* ASN1Codable.framework in Frameworks */ = {isa = PBXBuildFile; fileRef = D351DC2A290E849200540132 /* ASN1Codable.framework */; };
		D3D13E74291342DB00218279 /* ASN1Codable.framework in Embed Frameworks */ = {isa = PBXBuildFile; fileRef = D351DC2A290E849200540132 /* ASN1Codable.framework */; settings = {ATTRIBUTES = (CodeSignOnCopy, RemoveHeadersOnCopy, ); }; };
		D3D13E7A2913431500218279 /* Commandant in Frameworks */ = {isa = PBXBuildFile; productRef = D3D13E792913431500218279 /* Commandant */; };
		D3D13E7C2913434200218279 /* VersionCommand.swift in Sources */ = {isa = PBXBuildFile; fileRef = D3D13E7B2913434200218279 /* VersionCommand.swift */; };
		D3D13E7E291343A500218279 /* ParseCommand.swift in Sources */ = {isa = PBXBuildFile; fileRef = D3D13E7D291343A500218279 /* ParseCommand.swift */; };
		D3D13E8229134A2B00218279 /* BigNumber in Frameworks */ = {isa = PBXBuildFile; productRef = D3D13E8129134A2B00218279 /* BigNumber */; };
		D3D13E8429134A4B00218279 /* BInt.swift in Sources */ = {isa = PBXBuildFile; fileRef = D3D13E8329134A4B00218279 /* BInt.swift */; };
		D3D13E8929146B7400218279 /* Base.swift in Sources */ = {isa = PBXBuildFile; fileRef = D3D13E8829146B7400218279 /* Base.swift */; };
		D3F28845292B33580006CD82 /* CertificateAPI.swift in Sources */ = {isa = PBXBuildFile; fileRef = D3F28843292B33440006CD82 /* CertificateAPI.swift */; };
		D3F28848292B3DDD0006CD82 /* CertificateAPI.m in Sources */ = {isa = PBXBuildFile; fileRef = D3F28847292B3DDD0006CD82 /* CertificateAPI.m */; };
		D3FB2D9D29183E2000BC72AF /* Null.swift in Sources */ = {isa = PBXBuildFile; fileRef = D3FB2D9C29183E2000BC72AF /* Null.swift */; };
		D3FB2DA12918597900BC72AF /* ASN1ImplicitlyWrappedObject.swift in Sources */ = {isa = PBXBuildFile; fileRef = D3FB2DA02918597900BC72AF /* ASN1ImplicitlyWrappedObject.swift */; };
		D3FB2DA72918641900BC72AF /* Algorithms in Frameworks */ = {isa = PBXBuildFile; productRef = D3FB2DA62918641900BC72AF /* Algorithms */; };
		D3FB2DAA29187C2800BC72AF /* ASN1AutomaticTaggingContext.swift in Sources */ = {isa = PBXBuildFile; fileRef = D3FB2DA929187C2800BC72AF /* ASN1AutomaticTaggingContext.swift */; };
		D3FB2DAC2918958400BC72AF /* ASN1Object+Sorting.swift in Sources */ = {isa = PBXBuildFile; fileRef = D3FB2DAB2918958400BC72AF /* ASN1Object+Sorting.swift */; };
		D3FB2DBE2919C47C00BC72AF /* HeimASN1Translator.framework in Frameworks */ = {isa = PBXBuildFile; fileRef = D3FB2DB42919C47C00BC72AF /* HeimASN1Translator.framework */; };
		D3FB2DC32919C47C00BC72AF /* HeimASN1TranslatorTests.swift in Sources */ = {isa = PBXBuildFile; fileRef = D3FB2DC22919C47C00BC72AF /* HeimASN1TranslatorTests.swift */; };
		D3FB2DD22919C4C800BC72AF /* main.swift in Sources */ = {isa = PBXBuildFile; fileRef = D3FB2DD12919C4C800BC72AF /* main.swift */; };
		D3FB2DD62919C4F200BC72AF /* HeimASN1Translator.framework in Frameworks */ = {isa = PBXBuildFile; fileRef = D3FB2DB42919C47C00BC72AF /* HeimASN1Translator.framework */; };
		D3FB2DD72919C4F200BC72AF /* HeimASN1Translator.framework in Embed Frameworks */ = {isa = PBXBuildFile; fileRef = D3FB2DB42919C47C00BC72AF /* HeimASN1Translator.framework */; settings = {ATTRIBUTES = (CodeSignOnCopy, RemoveHeadersOnCopy, ); }; };
		D3FB2DDC2919C4F600BC72AF /* Commandant in Frameworks */ = {isa = PBXBuildFile; productRef = D3FB2DDB2919C4F600BC72AF /* Commandant */; };
		D3FB2DDF2919C78300BC72AF /* HeimASN1Translator.swift in Sources */ = {isa = PBXBuildFile; fileRef = D3FB2DDD2919C69000BC72AF /* HeimASN1Translator.swift */; };
		D3FB2DE22919CEB500BC72AF /* HeimASN1Type.swift in Sources */ = {isa = PBXBuildFile; fileRef = D3FB2DE02919C8ED00BC72AF /* HeimASN1Type.swift */; };
		D3FB2DE42919D4F900BC72AF /* ASN1Kit in Frameworks */ = {isa = PBXBuildFile; productRef = D3FB2DE32919D4F900BC72AF /* ASN1Kit */; };
		D3FB2DE6291F810C00BC72AF /* HeimASN1FieldDescriptor.swift in Sources */ = {isa = PBXBuildFile; fileRef = D3FB2DE5291F810C00BC72AF /* HeimASN1FieldDescriptor.swift */; };
/* End PBXBuildFile section */

/* Begin PBXBuildRule section */
		D30F2DF429220337009299A3 /* PBXBuildRule */ = {
			isa = PBXBuildRule;
			compilerSpec = com.apple.compilers.proxy.script;
			filePatterns = "*.json";
			fileType = pattern.proxy;
			inputFiles = (
				"$(SRCROOT)/Sources/CLI/cert2json/rfc2459.json",
			);
			isEditable = 1;
			outputFiles = (
				"$(DERIVED_FILE_DIR)/$(INPUT_FILE_BASE).swift",
			);
			script = "export DYLD_FRAMEWORK_PATH=$BUILT_PRODUCTS_DIR\n$BUILT_PRODUCTS_DIR/asn1json2swift translate \\\n    --input $INPUT_FILE_PATH \\\n    --output $DERIVED_FILE_DIR/$INPUT_FILE_BASE.swift \\\n    --map-type DirectoryString:String,AppleComponentAttributes:ASN1TaggedDictionary,Certificate:@objc,TBSCertificate:@objc\n";
		};
/* End PBXBuildRule section */

/* Begin PBXContainerItemProxy section */
		D30F2DEC2921FDD8009299A3 /* PBXContainerItemProxy */ = {
			isa = PBXContainerItemProxy;
			containerPortal = D351DC21290E849200540132 /* Project object */;
			proxyType = 1;
			remoteGlobalIDString = D3FB2DCE2919C4C800BC72AF;
			remoteInfo = asn1json2swift;
		};
		D351DC36290E849200540132 /* PBXContainerItemProxy */ = {
			isa = PBXContainerItemProxy;
			containerPortal = D351DC21290E849200540132 /* Project object */;
			proxyType = 1;
			remoteGlobalIDString = D351DC29290E849200540132;
			remoteInfo = ASN1Codable;
		};
		D351DCCC290EC5EE00540132 /* PBXContainerItemProxy */ = {
			isa = PBXContainerItemProxy;
			containerPortal = D351DC21290E849200540132 /* Project object */;
			proxyType = 1;
			remoteGlobalIDString = D351DC29290E849200540132;
			remoteInfo = ASN1Codable;
		};
		D3D13E75291342DB00218279 /* PBXContainerItemProxy */ = {
			isa = PBXContainerItemProxy;
			containerPortal = D351DC21290E849200540132 /* Project object */;
			proxyType = 1;
			remoteGlobalIDString = D351DC29290E849200540132;
			remoteInfo = ASN1Codable;
		};
		D3FB2DBF2919C47C00BC72AF /* PBXContainerItemProxy */ = {
			isa = PBXContainerItemProxy;
			containerPortal = D351DC21290E849200540132 /* Project object */;
			proxyType = 1;
			remoteGlobalIDString = D3FB2DB32919C47C00BC72AF;
			remoteInfo = HeimASN1Translator;
		};
		D3FB2DD82919C4F200BC72AF /* PBXContainerItemProxy */ = {
			isa = PBXContainerItemProxy;
			containerPortal = D351DC21290E849200540132 /* Project object */;
			proxyType = 1;
			remoteGlobalIDString = D3FB2DB32919C47C00BC72AF;
			remoteInfo = HeimASN1Translator;
		};
/* End PBXContainerItemProxy section */

/* Begin PBXCopyFilesBuildPhase section */
		D351DC49290E8A4A00540132 /* CopyFiles */ = {
			isa = PBXCopyFilesBuildPhase;
			buildActionMask = 2147483647;
			dstPath = /usr/share/man/man1/;
			dstSubfolderSpec = 0;
			files = (
			);
			runOnlyForDeploymentPostprocessing = 1;
		};
		D3D13E6A291342D500218279 /* CopyFiles */ = {
			isa = PBXCopyFilesBuildPhase;
			buildActionMask = 2147483647;
			dstPath = /usr/share/man/man1/;
			dstSubfolderSpec = 0;
			files = (
			);
			runOnlyForDeploymentPostprocessing = 1;
		};
		D3D13E77291342DB00218279 /* Embed Frameworks */ = {
			isa = PBXCopyFilesBuildPhase;
			buildActionMask = 2147483647;
			dstPath = "";
			dstSubfolderSpec = 10;
			files = (
				D3D13E74291342DB00218279 /* ASN1Codable.framework in Embed Frameworks */,
			);
			name = "Embed Frameworks";
			runOnlyForDeploymentPostprocessing = 0;
		};
		D3FB2DCD2919C4C800BC72AF /* CopyFiles */ = {
			isa = PBXCopyFilesBuildPhase;
			buildActionMask = 2147483647;
			dstPath = /usr/share/man/man1/;
			dstSubfolderSpec = 0;
			files = (
			);
			runOnlyForDeploymentPostprocessing = 1;
		};
		D3FB2DDA2919C4F200BC72AF /* Embed Frameworks */ = {
			isa = PBXCopyFilesBuildPhase;
			buildActionMask = 2147483647;
			dstPath = "";
			dstSubfolderSpec = 10;
			files = (
				D3FB2DD72919C4F200BC72AF /* HeimASN1Translator.framework in Embed Frameworks */,
			);
			name = "Embed Frameworks";
			runOnlyForDeploymentPostprocessing = 0;
		};
/* End PBXCopyFilesBuildPhase section */

/* Begin PBXFileReference section */
		D30F2DE62920A77B009299A3 /* HeimASN1Tagging.swift */ = {isa = PBXFileReference; lastKnownFileType = sourcecode.swift; path = HeimASN1Tagging.swift; sourceTree = "<group>"; };
		D30F2DE82920A7A4009299A3 /* HeimASN1Module.swift */ = {isa = PBXFileReference; lastKnownFileType = sourcecode.swift; path = HeimASN1Module.swift; sourceTree = "<group>"; };
		D30F2DEA2920A818009299A3 /* Data+Extras.swift */ = {isa = PBXFileReference; lastKnownFileType = sourcecode.swift; path = "Data+Extras.swift"; sourceTree = "<group>"; };
		D30F2DF129220148009299A3 /* rfc2459.json */ = {isa = PBXFileReference; fileEncoding = 4; lastKnownFileType = text.json; path = rfc2459.json; sourceTree = "<group>"; };
		D30F2DF229220152009299A3 /* rfc2459.asn1 */ = {isa = PBXFileReference; fileEncoding = 4; lastKnownFileType = text; path = rfc2459.asn1; sourceTree = "<group>"; };
		D33AC5D42910F626003190DC /* ASN1UniversalTagRepresentable.swift */ = {isa = PBXFileReference; lastKnownFileType = sourcecode.swift; path = ASN1UniversalTagRepresentable.swift; sourceTree = "<group>"; };
		D33AC5D62910F789003190DC /* ASN1DecodingContext.swift */ = {isa = PBXFileReference; lastKnownFileType = sourcecode.swift; path = ASN1DecodingContext.swift; sourceTree = "<group>"; };
		D33AC5D82910F796003190DC /* ASN1EncodingContext.swift */ = {isa = PBXFileReference; lastKnownFileType = sourcecode.swift; path = ASN1EncodingContext.swift; sourceTree = "<group>"; };
		D33AC5DC29120492003190DC /* OptionalProtocol.swift */ = {isa = PBXFileReference; lastKnownFileType = sourcecode.swift; path = OptionalProtocol.swift; sourceTree = "<group>"; };
		D33AC5DE29121744003190DC /* ASN1NullObject.swift */ = {isa = PBXFileReference; lastKnownFileType = sourcecode.swift; path = ASN1NullObject.swift; sourceTree = "<group>"; };
		D351DC2A290E849200540132 /* ASN1Codable.framework */ = {isa = PBXFileReference; explicitFileType = wrapper.framework; includeInIndex = 0; path = ASN1Codable.framework; sourceTree = BUILT_PRODUCTS_DIR; };
		D351DC34290E849200540132 /* ASN1CodableTests.xctest */ = {isa = PBXFileReference; explicitFileType = wrapper.cfbundle; includeInIndex = 0; path = ASN1CodableTests.xctest; sourceTree = BUILT_PRODUCTS_DIR; };
		D351DC39290E849200540132 /* ASN1CodableTests */ = {isa = PBXFileReference; lastKnownFileType = folder; name = ASN1CodableTests; path = ../Tests/ASN1CodableTests; sourceTree = "<group>"; };
		D351DC4B290E8A4A00540132 /* asn1swifttest */ = {isa = PBXFileReference; explicitFileType = "compiled.mach-o.executable"; includeInIndex = 0; path = asn1swifttest; sourceTree = BUILT_PRODUCTS_DIR; };
		D351DC5C290E8AAF00540132 /* CertificateHelpers.swift */ = {isa = PBXFileReference; fileEncoding = 4; lastKnownFileType = sourcecode.swift; path = CertificateHelpers.swift; sourceTree = "<group>"; };
		D351DC5D290E8AAF00540132 /* asn1bridgetest.entitlements */ = {isa = PBXFileReference; fileEncoding = 4; lastKnownFileType = text.plist.entitlements; path = asn1bridgetest.entitlements; sourceTree = "<group>"; };
		D351DC5E290E8AAF00540132 /* main.swift */ = {isa = PBXFileReference; fileEncoding = 4; lastKnownFileType = sourcecode.swift; path = main.swift; sourceTree = "<group>"; };
		D351DC66290E8AF700540132 /* ASN1TaggedWrappedValue.swift */ = {isa = PBXFileReference; fileEncoding = 4; lastKnownFileType = sourcecode.swift; path = ASN1TaggedWrappedValue.swift; sourceTree = "<group>"; };
		D351DC68290E8AF700540132 /* ASN1CodingContext.swift */ = {isa = PBXFileReference; fileEncoding = 4; lastKnownFileType = sourcecode.swift; path = ASN1CodingContext.swift; sourceTree = "<group>"; };
		D351DC69290E8AF700540132 /* ASN1ObjectSet.swift */ = {isa = PBXFileReference; fileEncoding = 4; lastKnownFileType = sourcecode.swift; path = ASN1ObjectSet.swift; sourceTree = "<group>"; };
		D351DC6A290E8AF700540132 /* ASN1PreserveBinary.swift */ = {isa = PBXFileReference; fileEncoding = 4; lastKnownFileType = sourcecode.swift; path = ASN1PreserveBinary.swift; sourceTree = "<group>"; };
		D351DC6B290E8AF700540132 /* ASN1TaggedTypeRepresentable.swift */ = {isa = PBXFileReference; fileEncoding = 4; lastKnownFileType = sourcecode.swift; path = ASN1TaggedTypeRepresentable.swift; sourceTree = "<group>"; };
		D351DC6C290E8AF700540132 /* ASN1TagNumberRepresentable.swift */ = {isa = PBXFileReference; fileEncoding = 4; lastKnownFileType = sourcecode.swift; path = ASN1TagNumberRepresentable.swift; sourceTree = "<group>"; };
		D351DC6D290E8AF700540132 /* ASN1TaggedType.swift */ = {isa = PBXFileReference; fileEncoding = 4; lastKnownFileType = sourcecode.swift; path = ASN1TaggedType.swift; sourceTree = "<group>"; };
		D351DC6F290E8AF700540132 /* ASN1Codable.docc */ = {isa = PBXFileReference; lastKnownFileType = folder.documentationcatalog; path = ASN1Codable.docc; sourceTree = "<group>"; };
		D351DC71290E8AF700540132 /* UnkeyedEncodingContainer.swift */ = {isa = PBXFileReference; fileEncoding = 4; lastKnownFileType = sourcecode.swift; path = UnkeyedEncodingContainer.swift; sourceTree = "<group>"; };
		D351DC72290E8AF700540132 /* ASN1EncodingContainer.swift */ = {isa = PBXFileReference; fileEncoding = 4; lastKnownFileType = sourcecode.swift; path = ASN1EncodingContainer.swift; sourceTree = "<group>"; };
		D351DC73290E8AF700540132 /* SingleValueEncodingContainer.swift */ = {isa = PBXFileReference; fileEncoding = 4; lastKnownFileType = sourcecode.swift; path = SingleValueEncodingContainer.swift; sourceTree = "<group>"; };
		D351DC74290E8AF700540132 /* KeyedEncodingContainer.swift */ = {isa = PBXFileReference; fileEncoding = 4; lastKnownFileType = sourcecode.swift; path = KeyedEncodingContainer.swift; sourceTree = "<group>"; };
		D351DC75290E8AF700540132 /* ASN1EncoderImpl.swift */ = {isa = PBXFileReference; fileEncoding = 4; lastKnownFileType = sourcecode.swift; path = ASN1EncoderImpl.swift; sourceTree = "<group>"; };
		D351DC76290E8AF700540132 /* ASN1Encoder.swift */ = {isa = PBXFileReference; fileEncoding = 4; lastKnownFileType = sourcecode.swift; path = ASN1Encoder.swift; sourceTree = "<group>"; };
		D351DC79290E8AF700540132 /* Time.swift */ = {isa = PBXFileReference; fileEncoding = 4; lastKnownFileType = sourcecode.swift; path = Time.swift; sourceTree = "<group>"; };
		D351DC7A290E8AF700540132 /* BitString.swift */ = {isa = PBXFileReference; fileEncoding = 4; lastKnownFileType = sourcecode.swift; path = BitString.swift; sourceTree = "<group>"; };
		D351DC7B290E8AF700540132 /* String.swift */ = {isa = PBXFileReference; fileEncoding = 4; lastKnownFileType = sourcecode.swift; path = String.swift; sourceTree = "<group>"; };
		D351DC7F290E8AF700540132 /* ASN1ApplicationTagged.swift */ = {isa = PBXFileReference; fileEncoding = 4; lastKnownFileType = sourcecode.swift; path = ASN1ApplicationTagged.swift; sourceTree = "<group>"; };
		D351DC80290E8AF700540132 /* ASN1PrivateTagged.swift */ = {isa = PBXFileReference; fileEncoding = 4; lastKnownFileType = sourcecode.swift; path = ASN1PrivateTagged.swift; sourceTree = "<group>"; };
		D351DC84290E8AF700540132 /* ASN1ContextTagged.swift */ = {isa = PBXFileReference; fileEncoding = 4; lastKnownFileType = sourcecode.swift; path = ASN1ContextTagged.swift; sourceTree = "<group>"; };
		D351DCB8290EAC2500540132 /* ASN1Codable.swift */ = {isa = PBXFileReference; lastKnownFileType = sourcecode.swift; path = ASN1Codable.swift; sourceTree = "<group>"; };
		D351DCD9290ECE3200540132 /* Box.swift */ = {isa = PBXFileReference; lastKnownFileType = sourcecode.swift; path = Box.swift; sourceTree = "<group>"; };
		D351DCDC290EF91B00540132 /* KeyedDecodingContainer.swift */ = {isa = PBXFileReference; lastKnownFileType = sourcecode.swift; path = KeyedDecodingContainer.swift; sourceTree = "<group>"; };
		D351DCDD290EF91B00540132 /* SingleValueDecodingContainer.swift */ = {isa = PBXFileReference; lastKnownFileType = sourcecode.swift; path = SingleValueDecodingContainer.swift; sourceTree = "<group>"; };
		D351DCDE290EF91B00540132 /* ASN1DecoderImpl.swift */ = {isa = PBXFileReference; lastKnownFileType = sourcecode.swift; path = ASN1DecoderImpl.swift; sourceTree = "<group>"; };
		D351DCDF290EF91B00540132 /* UnkeyedDecodingContainer.swift */ = {isa = PBXFileReference; lastKnownFileType = sourcecode.swift; path = UnkeyedDecodingContainer.swift; sourceTree = "<group>"; };
		D351DCE0290EF91B00540132 /* ASN1Decoder.swift */ = {isa = PBXFileReference; lastKnownFileType = sourcecode.swift; path = ASN1Decoder.swift; sourceTree = "<group>"; };
		D351DCE1290EF91B00540132 /* ASN1DecodingContainer.swift */ = {isa = PBXFileReference; lastKnownFileType = sourcecode.swift; path = ASN1DecodingContainer.swift; sourceTree = "<group>"; };
		D363A449292AF21C007476B4 /* ASN1CodingKey.swift */ = {isa = PBXFileReference; lastKnownFileType = sourcecode.swift; path = ASN1CodingKey.swift; sourceTree = "<group>"; };
		D363A44B292B311C007476B4 /* cert2json-Bridging-Header.h */ = {isa = PBXFileReference; lastKnownFileType = sourcecode.c.h; path = "cert2json-Bridging-Header.h"; sourceTree = "<group>"; };
		D382641229299C6400808667 /* ASN1Metatype.swift */ = {isa = PBXFileReference; lastKnownFileType = sourcecode.swift; path = ASN1Metatype.swift; sourceTree = "<group>"; };
		D3826416292ACE0700808667 /* Data+HexString.swift */ = {isa = PBXFileReference; lastKnownFileType = sourcecode.swift; path = "Data+HexString.swift"; sourceTree = "<group>"; };
		D3826418292AD1F400808667 /* ASN1TaggedDictionary.swift */ = {isa = PBXFileReference; lastKnownFileType = sourcecode.swift; path = ASN1TaggedDictionary.swift; sourceTree = "<group>"; };
		D382641B292ADA5300808667 /* ASN1DecodedTag+Extras.swift */ = {isa = PBXFileReference; lastKnownFileType = sourcecode.swift; path = "ASN1DecodedTag+Extras.swift"; sourceTree = "<group>"; };
		D389097029223ACD00FF05C4 /* ASN1ExtensibleType.swift */ = {isa = PBXFileReference; lastKnownFileType = sourcecode.swift; path = ASN1ExtensibleType.swift; sourceTree = "<group>"; };
		D399B207290FB1120010B730 /* ASN1Tagging.swift */ = {isa = PBXFileReference; lastKnownFileType = sourcecode.swift; path = ASN1Tagging.swift; sourceTree = "<group>"; };
		D3C67EB2291E00F50018F3D3 /* ASN1Tag+SwiftType.swift */ = {isa = PBXFileReference; lastKnownFileType = sourcecode.swift; path = "ASN1Tag+SwiftType.swift"; sourceTree = "<group>"; };
		D3C67EB4291E010D0018F3D3 /* HeimASN1UniversalType.swift */ = {isa = PBXFileReference; lastKnownFileType = sourcecode.swift; path = HeimASN1UniversalType.swift; sourceTree = "<group>"; };
		D3C67EB6291E01150018F3D3 /* HeimASN1TypeDef.swift */ = {isa = PBXFileReference; lastKnownFileType = sourcecode.swift; path = HeimASN1TypeDef.swift; sourceTree = "<group>"; };
		D3C67EB8291E012F0018F3D3 /* HeimASN1TypeMember.swift */ = {isa = PBXFileReference; lastKnownFileType = sourcecode.swift; path = HeimASN1TypeMember.swift; sourceTree = "<group>"; };
		D3C67EBA291E01430018F3D3 /* HeimASN1OpenType.swift */ = {isa = PBXFileReference; lastKnownFileType = sourcecode.swift; path = HeimASN1OpenType.swift; sourceTree = "<group>"; };
		D3C67EBC291E01540018F3D3 /* HeimASN1Decoration.swift */ = {isa = PBXFileReference; lastKnownFileType = sourcecode.swift; path = HeimASN1Decoration.swift; sourceTree = "<group>"; };
		D3C67EC02925ADBE0018F3D3 /* TranslateCommand.swift */ = {isa = PBXFileReference; lastKnownFileType = sourcecode.swift; path = TranslateCommand.swift; sourceTree = "<group>"; };
		D3C67EC22925ADC60018F3D3 /* VersionCommand.swift */ = {isa = PBXFileReference; lastKnownFileType = sourcecode.swift; path = VersionCommand.swift; sourceTree = "<group>"; };
		D3D13E6C291342D500218279 /* cert2json */ = {isa = PBXFileReference; explicitFileType = "compiled.mach-o.executable"; includeInIndex = 0; path = cert2json; sourceTree = BUILT_PRODUCTS_DIR; };
		D3D13E6E291342D500218279 /* main.swift */ = {isa = PBXFileReference; lastKnownFileType = sourcecode.swift; path = main.swift; sourceTree = "<group>"; };
		D3D13E7B2913434200218279 /* VersionCommand.swift */ = {isa = PBXFileReference; lastKnownFileType = sourcecode.swift; path = VersionCommand.swift; sourceTree = "<group>"; };
		D3D13E7D291343A500218279 /* ParseCommand.swift */ = {isa = PBXFileReference; lastKnownFileType = sourcecode.swift; path = ParseCommand.swift; sourceTree = "<group>"; };
		D3D13E8329134A4B00218279 /* BInt.swift */ = {isa = PBXFileReference; lastKnownFileType = sourcecode.swift; path = BInt.swift; sourceTree = "<group>"; };
		D3D13E8829146B7400218279 /* Base.swift */ = {isa = PBXFileReference; lastKnownFileType = sourcecode.swift; path = Base.swift; sourceTree = "<group>"; };
		D3F28843292B33440006CD82 /* CertificateAPI.swift */ = {isa = PBXFileReference; lastKnownFileType = sourcecode.swift; path = CertificateAPI.swift; sourceTree = "<group>"; };
		D3F28847292B3DDD0006CD82 /* CertificateAPI.m */ = {isa = PBXFileReference; lastKnownFileType = sourcecode.c.objc; path = CertificateAPI.m; sourceTree = "<group>"; };
		D3FB2D9C29183E2000BC72AF /* Null.swift */ = {isa = PBXFileReference; lastKnownFileType = sourcecode.swift; path = Null.swift; sourceTree = "<group>"; };
		D3FB2DA02918597900BC72AF /* ASN1ImplicitlyWrappedObject.swift */ = {isa = PBXFileReference; lastKnownFileType = sourcecode.swift; path = ASN1ImplicitlyWrappedObject.swift; sourceTree = "<group>"; };
		D3FB2DA929187C2800BC72AF /* ASN1AutomaticTaggingContext.swift */ = {isa = PBXFileReference; lastKnownFileType = sourcecode.swift; path = ASN1AutomaticTaggingContext.swift; sourceTree = "<group>"; };
		D3FB2DAB2918958400BC72AF /* ASN1Object+Sorting.swift */ = {isa = PBXFileReference; lastKnownFileType = sourcecode.swift; path = "ASN1Object+Sorting.swift"; sourceTree = "<group>"; };
		D3FB2DB42919C47C00BC72AF /* HeimASN1Translator.framework */ = {isa = PBXFileReference; explicitFileType = wrapper.framework; includeInIndex = 0; path = HeimASN1Translator.framework; sourceTree = BUILT_PRODUCTS_DIR; };
		D3FB2DBD2919C47C00BC72AF /* HeimASN1TranslatorTests.xctest */ = {isa = PBXFileReference; explicitFileType = wrapper.cfbundle; includeInIndex = 0; path = HeimASN1TranslatorTests.xctest; sourceTree = BUILT_PRODUCTS_DIR; };
		D3FB2DC22919C47C00BC72AF /* HeimASN1TranslatorTests.swift */ = {isa = PBXFileReference; lastKnownFileType = sourcecode.swift; path = HeimASN1TranslatorTests.swift; sourceTree = "<group>"; };
		D3FB2DCF2919C4C800BC72AF /* asn1json2swift */ = {isa = PBXFileReference; explicitFileType = "compiled.mach-o.executable"; includeInIndex = 0; path = asn1json2swift; sourceTree = BUILT_PRODUCTS_DIR; };
		D3FB2DD12919C4C800BC72AF /* main.swift */ = {isa = PBXFileReference; lastKnownFileType = sourcecode.swift; path = main.swift; sourceTree = "<group>"; };
		D3FB2DDD2919C69000BC72AF /* HeimASN1Translator.swift */ = {isa = PBXFileReference; lastKnownFileType = sourcecode.swift; path = HeimASN1Translator.swift; sourceTree = "<group>"; };
		D3FB2DE02919C8ED00BC72AF /* HeimASN1Type.swift */ = {isa = PBXFileReference; lastKnownFileType = sourcecode.swift; path = HeimASN1Type.swift; sourceTree = "<group>"; };
		D3FB2DE5291F810C00BC72AF /* HeimASN1FieldDescriptor.swift */ = {isa = PBXFileReference; lastKnownFileType = sourcecode.swift; path = HeimASN1FieldDescriptor.swift; sourceTree = "<group>"; };
/* End PBXFileReference section */

/* Begin PBXFrameworksBuildPhase section */
		D351DC27290E849200540132 /* Frameworks */ = {
			isa = PBXFrameworksBuildPhase;
			buildActionMask = 2147483647;
			files = (
				D3D13E8229134A2B00218279 /* BigNumber in Frameworks */,
				D3D13E6429133A2200218279 /* AnyCodable in Frameworks */,
				D3D13E61291339FA00218279 /* ASN1Kit in Frameworks */,
				D3D13E6729133AB600218279 /* Echo in Frameworks */,
			);
			runOnlyForDeploymentPostprocessing = 0;
		};
		D351DC31290E849200540132 /* Frameworks */ = {
			isa = PBXFrameworksBuildPhase;
			buildActionMask = 2147483647;
			files = (
				D351DC35290E849200540132 /* ASN1Codable.framework in Frameworks */,
			);
			runOnlyForDeploymentPostprocessing = 0;
		};
		D351DC48290E8A4A00540132 /* Frameworks */ = {
			isa = PBXFrameworksBuildPhase;
			buildActionMask = 2147483647;
			files = (
				D351DCCA290EC5EE00540132 /* ASN1Codable.framework in Frameworks */,
			);
			runOnlyForDeploymentPostprocessing = 0;
		};
		D3D13E69291342D500218279 /* Frameworks */ = {
			isa = PBXFrameworksBuildPhase;
			buildActionMask = 2147483647;
			files = (
				D3FB2DA72918641900BC72AF /* Algorithms in Frameworks */,
				D3D13E7A2913431500218279 /* Commandant in Frameworks */,
				D3D13E73291342DB00218279 /* ASN1Codable.framework in Frameworks */,
			);
			runOnlyForDeploymentPostprocessing = 0;
		};
		D3FB2DB12919C47C00BC72AF /* Frameworks */ = {
			isa = PBXFrameworksBuildPhase;
			buildActionMask = 2147483647;
			files = (
				D31CABA5291B787300D299F0 /* AnyCodable in Frameworks */,
				D3FB2DE42919D4F900BC72AF /* ASN1Kit in Frameworks */,
			);
			runOnlyForDeploymentPostprocessing = 0;
		};
		D3FB2DBA2919C47C00BC72AF /* Frameworks */ = {
			isa = PBXFrameworksBuildPhase;
			buildActionMask = 2147483647;
			files = (
				D3FB2DBE2919C47C00BC72AF /* HeimASN1Translator.framework in Frameworks */,
			);
			runOnlyForDeploymentPostprocessing = 0;
		};
		D3FB2DCC2919C4C800BC72AF /* Frameworks */ = {
			isa = PBXFrameworksBuildPhase;
			buildActionMask = 2147483647;
			files = (
				D3FB2DDC2919C4F600BC72AF /* Commandant in Frameworks */,
				D3FB2DD62919C4F200BC72AF /* HeimASN1Translator.framework in Frameworks */,
			);
			runOnlyForDeploymentPostprocessing = 0;
		};
/* End PBXFrameworksBuildPhase section */

/* Begin PBXGroup section */
		D351DC20290E849200540132 = {
			isa = PBXGroup;
			children = (
				D3FB2DA8291866F800BC72AF /* CLI */,
				D351DC2C290E849200540132 /* ASN1Codable */,
				D351DC38290E849200540132 /* ASN1CodableTests */,
				D3FB2DB52919C47C00BC72AF /* HeimASN1Translator */,
				D3FB2DC12919C47C00BC72AF /* HeimASN1TranslatorTests */,
				D351DC2B290E849200540132 /* Products */,
				D351DC44290E898300540132 /* Frameworks */,
			);
			sourceTree = "<group>";
		};
		D351DC2B290E849200540132 /* Products */ = {
			isa = PBXGroup;
			children = (
				D351DC2A290E849200540132 /* ASN1Codable.framework */,
				D351DC34290E849200540132 /* ASN1CodableTests.xctest */,
				D351DC4B290E8A4A00540132 /* asn1swifttest */,
				D3D13E6C291342D500218279 /* cert2json */,
				D3FB2DB42919C47C00BC72AF /* HeimASN1Translator.framework */,
				D3FB2DBD2919C47C00BC72AF /* HeimASN1TranslatorTests.xctest */,
				D3FB2DCF2919C4C800BC72AF /* asn1json2swift */,
			);
			name = Products;
			sourceTree = "<group>";
		};
		D351DC2C290E849200540132 /* ASN1Codable */ = {
			isa = PBXGroup;
			children = (
				D351DC65290E8AF700540132 /* Common */,
				D351DC6F290E8AF700540132 /* ASN1Codable.docc */,
				D351DCDB290EF91B00540132 /* Decoder */,
				D351DC70290E8AF700540132 /* Encoder */,
				D351DC78290E8AF700540132 /* Primitive */,
				D351DC7E290E8AF700540132 /* PropertyWrappers */,
			);
			name = ASN1Codable;
			path = Sources/ASN1Codable;
			sourceTree = "<group>";
		};
		D351DC38290E849200540132 /* ASN1CodableTests */ = {
			isa = PBXGroup;
			children = (
				D351DC39290E849200540132 /* ASN1CodableTests */,
			);
			name = ASN1CodableTests;
			path = Tests/ASN1CodableTests;
			sourceTree = "<group>";
		};
		D351DC44290E898300540132 /* Frameworks */ = {
			isa = PBXGroup;
			children = (
			);
			name = Frameworks;
			sourceTree = "<group>";
		};
		D351DC4C290E8A4A00540132 /* asn1swifttest */ = {
			isa = PBXGroup;
			children = (
				D351DC5D290E8AAF00540132 /* asn1bridgetest.entitlements */,
				D351DC5E290E8AAF00540132 /* main.swift */,
			);
			path = asn1swifttest;
			sourceTree = "<group>";
		};
		D351DC65290E8AF700540132 /* Common */ = {
			isa = PBXGroup;
			children = (
				D3FB2DA929187C2800BC72AF /* ASN1AutomaticTaggingContext.swift */,
				D351DCB8290EAC2500540132 /* ASN1Codable.swift */,
				D351DC68290E8AF700540132 /* ASN1CodingContext.swift */,
				D363A449292AF21C007476B4 /* ASN1CodingKey.swift */,
				D382641B292ADA5300808667 /* ASN1DecodedTag+Extras.swift */,
				D389097029223ACD00FF05C4 /* ASN1ExtensibleType.swift */,
				D382641229299C6400808667 /* ASN1Metatype.swift */,
				D33AC5DE29121744003190DC /* ASN1NullObject.swift */,
				D351DC69290E8AF700540132 /* ASN1ObjectSet.swift */,
				D3FB2DAB2918958400BC72AF /* ASN1Object+Sorting.swift */,
				D351DC6A290E8AF700540132 /* ASN1PreserveBinary.swift */,
				D351DC6C290E8AF700540132 /* ASN1TagNumberRepresentable.swift */,
				D3826418292AD1F400808667 /* ASN1TaggedDictionary.swift */,
				D351DC6D290E8AF700540132 /* ASN1TaggedType.swift */,
				D351DC6B290E8AF700540132 /* ASN1TaggedTypeRepresentable.swift */,
				D351DC66290E8AF700540132 /* ASN1TaggedWrappedValue.swift */,
				D399B207290FB1120010B730 /* ASN1Tagging.swift */,
				D33AC5D42910F626003190DC /* ASN1UniversalTagRepresentable.swift */,
				D351DCD9290ECE3200540132 /* Box.swift */,
				D33AC5DC29120492003190DC /* OptionalProtocol.swift */,
			);
			path = Common;
			sourceTree = "<group>";
		};
		D351DC70290E8AF700540132 /* Encoder */ = {
			isa = PBXGroup;
			children = (
				D351DC76290E8AF700540132 /* ASN1Encoder.swift */,
				D351DC75290E8AF700540132 /* ASN1EncoderImpl.swift */,
				D351DC72290E8AF700540132 /* ASN1EncodingContainer.swift */,
				D33AC5D82910F796003190DC /* ASN1EncodingContext.swift */,
				D3FB2DA02918597900BC72AF /* ASN1ImplicitlyWrappedObject.swift */,
				D351DC73290E8AF700540132 /* SingleValueEncodingContainer.swift */,
				D351DC74290E8AF700540132 /* KeyedEncodingContainer.swift */,
				D351DC71290E8AF700540132 /* UnkeyedEncodingContainer.swift */,
			);
			path = Encoder;
			sourceTree = "<group>";
		};
		D351DC78290E8AF700540132 /* Primitive */ = {
			isa = PBXGroup;
			children = (
				D3D13E8829146B7400218279 /* Base.swift */,
				D3D13E8329134A4B00218279 /* BInt.swift */,
				D351DC7A290E8AF700540132 /* BitString.swift */,
				D3FB2D9C29183E2000BC72AF /* Null.swift */,
				D351DC7B290E8AF700540132 /* String.swift */,
				D351DC79290E8AF700540132 /* Time.swift */,
			);
			path = Primitive;
			sourceTree = "<group>";
		};
		D351DC7E290E8AF700540132 /* PropertyWrappers */ = {
			isa = PBXGroup;
			children = (
				D351DC7F290E8AF700540132 /* ASN1ApplicationTagged.swift */,
				D351DC80290E8AF700540132 /* ASN1PrivateTagged.swift */,
				D351DC84290E8AF700540132 /* ASN1ContextTagged.swift */,
			);
			path = PropertyWrappers;
			sourceTree = "<group>";
		};
		D351DCDB290EF91B00540132 /* Decoder */ = {
			isa = PBXGroup;
			children = (
				D351DCE0290EF91B00540132 /* ASN1Decoder.swift */,
				D351DCDE290EF91B00540132 /* ASN1DecoderImpl.swift */,
				D351DCE1290EF91B00540132 /* ASN1DecodingContainer.swift */,
				D33AC5D62910F789003190DC /* ASN1DecodingContext.swift */,
				D351DCDD290EF91B00540132 /* SingleValueDecodingContainer.swift */,
				D351DCDC290EF91B00540132 /* KeyedDecodingContainer.swift */,
				D351DCDF290EF91B00540132 /* UnkeyedDecodingContainer.swift */,
			);
			path = Decoder;
			sourceTree = "<group>";
		};
		D3D13E6D291342D500218279 /* cert2json */ = {
			isa = PBXGroup;
			children = (
				D30F2DF229220152009299A3 /* rfc2459.asn1 */,
				D30F2DF129220148009299A3 /* rfc2459.json */,
				D3D13E6E291342D500218279 /* main.swift */,
				D351DC5C290E8AAF00540132 /* CertificateHelpers.swift */,
				D3D13E7B2913434200218279 /* VersionCommand.swift */,
				D3D13E7D291343A500218279 /* ParseCommand.swift */,
				D3826416292ACE0700808667 /* Data+HexString.swift */,
				D3F28843292B33440006CD82 /* CertificateAPI.swift */,
				D3F28847292B3DDD0006CD82 /* CertificateAPI.m */,
				D363A44B292B311C007476B4 /* cert2json-Bridging-Header.h */,
			);
			path = cert2json;
			sourceTree = "<group>";
		};
		D3FB2DA8291866F800BC72AF /* CLI */ = {
			isa = PBXGroup;
			children = (
				D3FB2DD02919C4C800BC72AF /* asn1json2swift */,
				D351DC4C290E8A4A00540132 /* asn1swifttest */,
				D3D13E6D291342D500218279 /* cert2json */,
			);
			name = CLI;
			path = Sources/CLI;
			sourceTree = "<group>";
		};
		D3FB2DB52919C47C00BC72AF /* HeimASN1Translator */ = {
			isa = PBXGroup;
			children = (
				D3C67EB2291E00F50018F3D3 /* ASN1Tag+SwiftType.swift */,
				D30F2DEA2920A818009299A3 /* Data+Extras.swift */,
				D3C67EBC291E01540018F3D3 /* HeimASN1Decoration.swift */,
				D3FB2DE5291F810C00BC72AF /* HeimASN1FieldDescriptor.swift */,
				D3C67EBA291E01430018F3D3 /* HeimASN1OpenType.swift */,
				D3C67EB4291E010D0018F3D3 /* HeimASN1UniversalType.swift */,
				D30F2DE82920A7A4009299A3 /* HeimASN1Module.swift */,
				D3FB2DE02919C8ED00BC72AF /* HeimASN1Type.swift */,
				D3C67EB8291E012F0018F3D3 /* HeimASN1TypeMember.swift */,
				D30F2DE62920A77B009299A3 /* HeimASN1Tagging.swift */,
				D3FB2DDD2919C69000BC72AF /* HeimASN1Translator.swift */,
				D3C67EB6291E01150018F3D3 /* HeimASN1TypeDef.swift */,
			);
			name = HeimASN1Translator;
			path = Sources/HeimASN1Translator;
			sourceTree = "<group>";
		};
		D3FB2DC12919C47C00BC72AF /* HeimASN1TranslatorTests */ = {
			isa = PBXGroup;
			children = (
				D3FB2DC22919C47C00BC72AF /* HeimASN1TranslatorTests.swift */,
			);
			name = HeimASN1TranslatorTests;
			path = Tests/HeimASN1TranslatorTests;
			sourceTree = "<group>";
		};
		D3FB2DD02919C4C800BC72AF /* asn1json2swift */ = {
			isa = PBXGroup;
			children = (
				D3FB2DD12919C4C800BC72AF /* main.swift */,
				D3C67EC02925ADBE0018F3D3 /* TranslateCommand.swift */,
				D3C67EC22925ADC60018F3D3 /* VersionCommand.swift */,
			);
			path = asn1json2swift;
			sourceTree = "<group>";
		};
/* End PBXGroup section */

/* Begin PBXHeadersBuildPhase section */
		D351DC25290E849200540132 /* Headers */ = {
			isa = PBXHeadersBuildPhase;
			buildActionMask = 2147483647;
			files = (
			);
			runOnlyForDeploymentPostprocessing = 0;
		};
		D3FB2DAF2919C47C00BC72AF /* Headers */ = {
			isa = PBXHeadersBuildPhase;
			buildActionMask = 2147483647;
			files = (
			);
			runOnlyForDeploymentPostprocessing = 0;
		};
/* End PBXHeadersBuildPhase section */

/* Begin PBXNativeTarget section */
		D351DC29290E849200540132 /* ASN1Codable */ = {
			isa = PBXNativeTarget;
			buildConfigurationList = D351DC3E290E849200540132 /* Build configuration list for PBXNativeTarget "ASN1Codable" */;
			buildPhases = (
				D351DC25290E849200540132 /* Headers */,
				D351DC26290E849200540132 /* Sources */,
				D351DC27290E849200540132 /* Frameworks */,
				D351DC28290E849200540132 /* Resources */,
			);
			buildRules = (
			);
			dependencies = (
			);
			name = ASN1Codable;
			packageProductDependencies = (
				D3D13E60291339FA00218279 /* ASN1Kit */,
				D3D13E6329133A2200218279 /* AnyCodable */,
				D3D13E6629133AB600218279 /* Echo */,
				D3D13E8129134A2B00218279 /* BigNumber */,
			);
			productName = ASN1Codable;
			productReference = D351DC2A290E849200540132 /* ASN1Codable.framework */;
			productType = "com.apple.product-type.framework";
		};
		D351DC33290E849200540132 /* ASN1CodableTests */ = {
			isa = PBXNativeTarget;
			buildConfigurationList = D351DC41290E849200540132 /* Build configuration list for PBXNativeTarget "ASN1CodableTests" */;
			buildPhases = (
				D351DC30290E849200540132 /* Sources */,
				D351DC31290E849200540132 /* Frameworks */,
				D351DC32290E849200540132 /* Resources */,
			);
			buildRules = (
			);
			dependencies = (
				D351DC37290E849200540132 /* PBXTargetDependency */,
			);
			name = ASN1CodableTests;
			productName = ASN1CodableTests;
			productReference = D351DC34290E849200540132 /* ASN1CodableTests.xctest */;
			productType = "com.apple.product-type.bundle.unit-test";
		};
		D351DC4A290E8A4A00540132 /* asn1swifttest */ = {
			isa = PBXNativeTarget;
			buildConfigurationList = D351DC4F290E8A4A00540132 /* Build configuration list for PBXNativeTarget "asn1swifttest" */;
			buildPhases = (
				D351DC47290E8A4A00540132 /* Sources */,
				D351DC48290E8A4A00540132 /* Frameworks */,
				D351DC49290E8A4A00540132 /* CopyFiles */,
			);
			buildRules = (
			);
			dependencies = (
				D351DCCD290EC5EE00540132 /* PBXTargetDependency */,
			);
			name = asn1swifttest;
			productName = asn1swifttest;
			productReference = D351DC4B290E8A4A00540132 /* asn1swifttest */;
			productType = "com.apple.product-type.tool";
		};
		D3D13E6B291342D500218279 /* cert2json */ = {
			isa = PBXNativeTarget;
			buildConfigurationList = D3D13E70291342D500218279 /* Build configuration list for PBXNativeTarget "cert2json" */;
			buildPhases = (
				D3D13E68291342D500218279 /* Sources */,
				D3D13E69291342D500218279 /* Frameworks */,
				D3D13E6A291342D500218279 /* CopyFiles */,
				D3D13E77291342DB00218279 /* Embed Frameworks */,
			);
			buildRules = (
				D30F2DF429220337009299A3 /* PBXBuildRule */,
			);
			dependencies = (
				D30F2DED2921FDD8009299A3 /* PBXTargetDependency */,
				D3D13E76291342DB00218279 /* PBXTargetDependency */,
			);
			name = cert2json;
			packageProductDependencies = (
				D3D13E792913431500218279 /* Commandant */,
				D3FB2DA62918641900BC72AF /* Algorithms */,
			);
			productName = cert2json;
			productReference = D3D13E6C291342D500218279 /* cert2json */;
			productType = "com.apple.product-type.tool";
		};
		D3FB2DB32919C47C00BC72AF /* HeimASN1Translator */ = {
			isa = PBXNativeTarget;
			buildConfigurationList = D3FB2DC52919C47C00BC72AF /* Build configuration list for PBXNativeTarget "HeimASN1Translator" */;
			buildPhases = (
				D3FB2DAF2919C47C00BC72AF /* Headers */,
				D3FB2DB02919C47C00BC72AF /* Sources */,
				D3FB2DB12919C47C00BC72AF /* Frameworks */,
				D3FB2DB22919C47C00BC72AF /* Resources */,
			);
			buildRules = (
			);
			dependencies = (
			);
			name = HeimASN1Translator;
			packageProductDependencies = (
				D3FB2DE32919D4F900BC72AF /* ASN1Kit */,
				D31CABA4291B787300D299F0 /* AnyCodable */,
			);
			productName = HeimASN1Translator;
			productReference = D3FB2DB42919C47C00BC72AF /* HeimASN1Translator.framework */;
			productType = "com.apple.product-type.framework";
		};
		D3FB2DBC2919C47C00BC72AF /* HeimASN1TranslatorTests */ = {
			isa = PBXNativeTarget;
			buildConfigurationList = D3FB2DC82919C47C00BC72AF /* Build configuration list for PBXNativeTarget "HeimASN1TranslatorTests" */;
			buildPhases = (
				D3FB2DB92919C47C00BC72AF /* Sources */,
				D3FB2DBA2919C47C00BC72AF /* Frameworks */,
				D3FB2DBB2919C47C00BC72AF /* Resources */,
			);
			buildRules = (
			);
			dependencies = (
				D3FB2DC02919C47C00BC72AF /* PBXTargetDependency */,
			);
			name = HeimASN1TranslatorTests;
			productName = HeimASN1TranslatorTests;
			productReference = D3FB2DBD2919C47C00BC72AF /* HeimASN1TranslatorTests.xctest */;
			productType = "com.apple.product-type.bundle.unit-test";
		};
		D3FB2DCE2919C4C800BC72AF /* asn1json2swift */ = {
			isa = PBXNativeTarget;
			buildConfigurationList = D3FB2DD32919C4C800BC72AF /* Build configuration list for PBXNativeTarget "asn1json2swift" */;
			buildPhases = (
				D3FB2DCB2919C4C800BC72AF /* Sources */,
				D3FB2DCC2919C4C800BC72AF /* Frameworks */,
				D3FB2DCD2919C4C800BC72AF /* CopyFiles */,
				D3FB2DDA2919C4F200BC72AF /* Embed Frameworks */,
			);
			buildRules = (
			);
			dependencies = (
				D3FB2DD92919C4F200BC72AF /* PBXTargetDependency */,
			);
			name = asn1json2swift;
			packageProductDependencies = (
				D3FB2DDB2919C4F600BC72AF /* Commandant */,
			);
			productName = asn1json2swift;
			productReference = D3FB2DCF2919C4C800BC72AF /* asn1json2swift */;
			productType = "com.apple.product-type.tool";
		};
/* End PBXNativeTarget section */

/* Begin PBXProject section */
		D351DC21290E849200540132 /* Project object */ = {
			isa = PBXProject;
			attributes = {
				BuildIndependentTargetsInParallel = 1;
				LastSwiftUpdateCheck = 1400;
				LastUpgradeCheck = 1400;
				TargetAttributes = {
					D351DC29290E849200540132 = {
						CreatedOnToolsVersion = 14.0.1;
					};
					D351DC33290E849200540132 = {
						CreatedOnToolsVersion = 14.0.1;
					};
					D351DC4A290E8A4A00540132 = {
						CreatedOnToolsVersion = 14.0.1;
						LastSwiftMigration = 1400;
					};
					D3D13E6B291342D500218279 = {
						CreatedOnToolsVersion = 14.0.1;
						LastSwiftMigration = 1400;
					};
					D3FB2DB32919C47C00BC72AF = {
						CreatedOnToolsVersion = 14.0.1;
					};
					D3FB2DBC2919C47C00BC72AF = {
						CreatedOnToolsVersion = 14.0.1;
					};
					D3FB2DCE2919C4C800BC72AF = {
						CreatedOnToolsVersion = 14.0.1;
					};
				};
			};
			buildConfigurationList = D351DC24290E849200540132 /* Build configuration list for PBXProject "ASN1Codable" */;
			compatibilityVersion = "Xcode 14.0";
			developmentRegion = en;
			hasScannedForEncodings = 0;
			knownRegions = (
				en,
				Base,
			);
			mainGroup = D351DC20290E849200540132;
			packageReferences = (
				D3D13E5F291339FA00218279 /* XCRemoteSwiftPackageReference "ASN1Kit" */,
				D3D13E6229133A2200218279 /* XCRemoteSwiftPackageReference "AnyCodable" */,
				D3D13E6529133AB600218279 /* XCRemoteSwiftPackageReference "Echo" */,
				D3D13E782913431500218279 /* XCRemoteSwiftPackageReference "Commandant" */,
				D3D13E8029134A2B00218279 /* XCRemoteSwiftPackageReference "Swift-BigInt" */,
				D3FB2DA52918641900BC72AF /* XCRemoteSwiftPackageReference "swift-algorithms" */,
			);
			productRefGroup = D351DC2B290E849200540132 /* Products */;
			projectDirPath = "";
			projectRoot = "";
			targets = (
				D351DC29290E849200540132 /* ASN1Codable */,
				D351DC33290E849200540132 /* ASN1CodableTests */,
				D351DC4A290E8A4A00540132 /* asn1swifttest */,
				D3D13E6B291342D500218279 /* cert2json */,
				D3FB2DB32919C47C00BC72AF /* HeimASN1Translator */,
				D3FB2DBC2919C47C00BC72AF /* HeimASN1TranslatorTests */,
				D3FB2DCE2919C4C800BC72AF /* asn1json2swift */,
			);
		};
/* End PBXProject section */

/* Begin PBXResourcesBuildPhase section */
		D351DC28290E849200540132 /* Resources */ = {
			isa = PBXResourcesBuildPhase;
			buildActionMask = 2147483647;
			files = (
			);
			runOnlyForDeploymentPostprocessing = 0;
		};
		D351DC32290E849200540132 /* Resources */ = {
			isa = PBXResourcesBuildPhase;
			buildActionMask = 2147483647;
			files = (
			);
			runOnlyForDeploymentPostprocessing = 0;
		};
		D3FB2DB22919C47C00BC72AF /* Resources */ = {
			isa = PBXResourcesBuildPhase;
			buildActionMask = 2147483647;
			files = (
			);
			runOnlyForDeploymentPostprocessing = 0;
		};
		D3FB2DBB2919C47C00BC72AF /* Resources */ = {
			isa = PBXResourcesBuildPhase;
			buildActionMask = 2147483647;
			files = (
			);
			runOnlyForDeploymentPostprocessing = 0;
		};
/* End PBXResourcesBuildPhase section */

/* Begin PBXSourcesBuildPhase section */
		D351DC26290E849200540132 /* Sources */ = {
			isa = PBXSourcesBuildPhase;
			buildActionMask = 2147483647;
			files = (
				D351DCDA290ECE3200540132 /* Box.swift in Sources */,
				D351DC99290E8AF700540132 /* String.swift in Sources */,
				D3D13E8929146B7400218279 /* Base.swift in Sources */,
				D351DC8C290E8AF700540132 /* ASN1TagNumberRepresentable.swift in Sources */,
				D351DC92290E8AF700540132 /* SingleValueEncodingContainer.swift in Sources */,
				D33AC5D72910F789003190DC /* ASN1DecodingContext.swift in Sources */,
				D351DC8B290E8AF700540132 /* ASN1TaggedTypeRepresentable.swift in Sources */,
				D351DCE4290EF95E00540132 /* ASN1DecoderImpl.swift in Sources */,
				D351DCE5290EF95E00540132 /* KeyedDecodingContainer.swift in Sources */,
				D351DCE6290EF95E00540132 /* UnkeyedDecodingContainer.swift in Sources */,
				D351DC91290E8AF700540132 /* ASN1EncodingContainer.swift in Sources */,
				D382641329299C6400808667 /* ASN1Metatype.swift in Sources */,
				D3FB2D9D29183E2000BC72AF /* Null.swift in Sources */,
				D382641A292AD54900808667 /* ASN1TaggedDictionary.swift in Sources */,
				D351DC97290E8AF700540132 /* Time.swift in Sources */,
				D351DC98290E8AF700540132 /* BitString.swift in Sources */,
				D351DCE7290EF95E00540132 /* SingleValueDecodingContainer.swift in Sources */,
				D351DC89290E8AF700540132 /* ASN1ObjectSet.swift in Sources */,
				D351DCE2290EF95E00540132 /* ASN1Decoder.swift in Sources */,
				D33AC5DF29121744003190DC /* ASN1NullObject.swift in Sources */,
				D351DC8A290E8AF700540132 /* ASN1PreserveBinary.swift in Sources */,
				D351DC8F290E8AF700540132 /* ASN1Codable.docc in Sources */,
				D3FB2DAA29187C2800BC72AF /* ASN1AutomaticTaggingContext.swift in Sources */,
				D389097129223ACD00FF05C4 /* ASN1ExtensibleType.swift in Sources */,
				D351DC93290E8AF700540132 /* KeyedEncodingContainer.swift in Sources */,
				D33AC5D52910F626003190DC /* ASN1UniversalTagRepresentable.swift in Sources */,
				D351DC90290E8AF700540132 /* UnkeyedEncodingContainer.swift in Sources */,
				D3FB2DA12918597900BC72AF /* ASN1ImplicitlyWrappedObject.swift in Sources */,
				D33AC5D92910F796003190DC /* ASN1EncodingContext.swift in Sources */,
				D351DC9C290E8AF700540132 /* ASN1PrivateTagged.swift in Sources */,
				D33AC5DD29120492003190DC /* OptionalProtocol.swift in Sources */,
				D351DCE3290EF95E00540132 /* ASN1DecodingContainer.swift in Sources */,
				D351DC86290E8AF700540132 /* ASN1TaggedWrappedValue.swift in Sources */,
				D351DC94290E8AF700540132 /* ASN1EncoderImpl.swift in Sources */,
				D351DC8D290E8AF700540132 /* ASN1TaggedType.swift in Sources */,
				D351DC9B290E8AF700540132 /* ASN1ApplicationTagged.swift in Sources */,
				D3D13E8429134A4B00218279 /* BInt.swift in Sources */,
				D3FB2DAC2918958400BC72AF /* ASN1Object+Sorting.swift in Sources */,
				D399B208290FB1120010B730 /* ASN1Tagging.swift in Sources */,
				D351DCA0290E8AF700540132 /* ASN1ContextTagged.swift in Sources */,
				D351DCB9290EAC2500540132 /* ASN1Codable.swift in Sources */,
				D351DC88290E8AF700540132 /* ASN1CodingContext.swift in Sources */,
				D351DC95290E8AF700540132 /* ASN1Encoder.swift in Sources */,
				D382641D292ADA6600808667 /* ASN1DecodedTag+Extras.swift in Sources */,
				D363A44A292AF21C007476B4 /* ASN1CodingKey.swift in Sources */,
			);
			runOnlyForDeploymentPostprocessing = 0;
		};
		D351DC30290E849200540132 /* Sources */ = {
			isa = PBXSourcesBuildPhase;
			buildActionMask = 2147483647;
			files = (
				D351DC3A290E849200540132 /* ASN1CodableTests in Sources */,
			);
			runOnlyForDeploymentPostprocessing = 0;
		};
		D351DC47290E8A4A00540132 /* Sources */ = {
			isa = PBXSourcesBuildPhase;
			buildActionMask = 2147483647;
			files = (
				D30F2E0029221671009299A3 /* (null) in Sources */,
				D351DC62290E8AAF00540132 /* main.swift in Sources */,
			);
			runOnlyForDeploymentPostprocessing = 0;
		};
		D3D13E68291342D500218279 /* Sources */ = {
			isa = PBXSourcesBuildPhase;
			buildActionMask = 2147483647;
			files = (
				D3F28848292B3DDD0006CD82 /* CertificateAPI.m in Sources */,
				D3F28845292B33580006CD82 /* CertificateAPI.swift in Sources */,
				D3826417292ACE0700808667 /* Data+HexString.swift in Sources */,
				D30F2DF3292201A8009299A3 /* rfc2459.json in Sources */,
				D3D13E7E291343A500218279 /* ParseCommand.swift in Sources */,
				D3D13E7C2913434200218279 /* VersionCommand.swift in Sources */,
				D3D13E6F291342D500218279 /* main.swift in Sources */,
				D30F2E01292216D1009299A3 /* CertificateHelpers.swift in Sources */,
			);
			runOnlyForDeploymentPostprocessing = 0;
		};
		D3FB2DB02919C47C00BC72AF /* Sources */ = {
			isa = PBXSourcesBuildPhase;
			buildActionMask = 2147483647;
			files = (
				D3FB2DDF2919C78300BC72AF /* HeimASN1Translator.swift in Sources */,
				D3C67EB9291E012F0018F3D3 /* HeimASN1TypeMember.swift in Sources */,
				D30F2DE92920A7A4009299A3 /* HeimASN1Module.swift in Sources */,
				D3FB2DE22919CEB500BC72AF /* HeimASN1Type.swift in Sources */,
				D30F2DEB2920A818009299A3 /* Data+Extras.swift in Sources */,
				D3C67EBD291E01540018F3D3 /* HeimASN1Decoration.swift in Sources */,
				D3C67EBB291E01430018F3D3 /* HeimASN1OpenType.swift in Sources */,
				D3C67EB3291E00F50018F3D3 /* ASN1Tag+SwiftType.swift in Sources */,
				D30F2DE72920A77B009299A3 /* HeimASN1Tagging.swift in Sources */,
				D3FB2DE6291F810C00BC72AF /* HeimASN1FieldDescriptor.swift in Sources */,
				D3C67EB5291E010D0018F3D3 /* HeimASN1UniversalType.swift in Sources */,
				D3C67EB7291E01160018F3D3 /* HeimASN1TypeDef.swift in Sources */,
			);
			runOnlyForDeploymentPostprocessing = 0;
		};
		D3FB2DB92919C47C00BC72AF /* Sources */ = {
			isa = PBXSourcesBuildPhase;
			buildActionMask = 2147483647;
			files = (
				D3FB2DC32919C47C00BC72AF /* HeimASN1TranslatorTests.swift in Sources */,
			);
			runOnlyForDeploymentPostprocessing = 0;
		};
		D3FB2DCB2919C4C800BC72AF /* Sources */ = {
			isa = PBXSourcesBuildPhase;
			buildActionMask = 2147483647;
			files = (
				D3C67EC52925B6870018F3D3 /* VersionCommand.swift in Sources */,
				D3C67EC42925B6840018F3D3 /* TranslateCommand.swift in Sources */,
				D3FB2DD22919C4C800BC72AF /* main.swift in Sources */,
			);
			runOnlyForDeploymentPostprocessing = 0;
		};
/* End PBXSourcesBuildPhase section */

/* Begin PBXTargetDependency section */
		D30F2DED2921FDD8009299A3 /* PBXTargetDependency */ = {
			isa = PBXTargetDependency;
			target = D3FB2DCE2919C4C800BC72AF /* asn1json2swift */;
			targetProxy = D30F2DEC2921FDD8009299A3 /* PBXContainerItemProxy */;
		};
		D351DC37290E849200540132 /* PBXTargetDependency */ = {
			isa = PBXTargetDependency;
			target = D351DC29290E849200540132 /* ASN1Codable */;
			targetProxy = D351DC36290E849200540132 /* PBXContainerItemProxy */;
		};
		D351DCCD290EC5EE00540132 /* PBXTargetDependency */ = {
			isa = PBXTargetDependency;
			target = D351DC29290E849200540132 /* ASN1Codable */;
			targetProxy = D351DCCC290EC5EE00540132 /* PBXContainerItemProxy */;
		};
		D3D13E76291342DB00218279 /* PBXTargetDependency */ = {
			isa = PBXTargetDependency;
			target = D351DC29290E849200540132 /* ASN1Codable */;
			targetProxy = D3D13E75291342DB00218279 /* PBXContainerItemProxy */;
		};
		D3FB2DC02919C47C00BC72AF /* PBXTargetDependency */ = {
			isa = PBXTargetDependency;
			target = D3FB2DB32919C47C00BC72AF /* HeimASN1Translator */;
			targetProxy = D3FB2DBF2919C47C00BC72AF /* PBXContainerItemProxy */;
		};
		D3FB2DD92919C4F200BC72AF /* PBXTargetDependency */ = {
			isa = PBXTargetDependency;
			target = D3FB2DB32919C47C00BC72AF /* HeimASN1Translator */;
			targetProxy = D3FB2DD82919C4F200BC72AF /* PBXContainerItemProxy */;
		};
/* End PBXTargetDependency section */

/* Begin XCBuildConfiguration section */
		D351DC3C290E849200540132 /* Debug */ = {
			isa = XCBuildConfiguration;
			buildSettings = {
				ALWAYS_SEARCH_USER_PATHS = NO;
				CLANG_ANALYZER_NONNULL = YES;
				CLANG_ANALYZER_NUMBER_OBJECT_CONVERSION = YES_AGGRESSIVE;
				CLANG_CXX_LANGUAGE_STANDARD = "gnu++20";
				CLANG_ENABLE_MODULES = YES;
				CLANG_ENABLE_OBJC_ARC = YES;
				CLANG_ENABLE_OBJC_WEAK = YES;
				CLANG_WARN_BLOCK_CAPTURE_AUTORELEASING = YES;
				CLANG_WARN_BOOL_CONVERSION = YES;
				CLANG_WARN_COMMA = YES;
				CLANG_WARN_CONSTANT_CONVERSION = YES;
				CLANG_WARN_DEPRECATED_OBJC_IMPLEMENTATIONS = YES;
				CLANG_WARN_DIRECT_OBJC_ISA_USAGE = YES_ERROR;
				CLANG_WARN_DOCUMENTATION_COMMENTS = YES;
				CLANG_WARN_EMPTY_BODY = YES;
				CLANG_WARN_ENUM_CONVERSION = YES;
				CLANG_WARN_INFINITE_RECURSION = YES;
				CLANG_WARN_INT_CONVERSION = YES;
				CLANG_WARN_NON_LITERAL_NULL_CONVERSION = YES;
				CLANG_WARN_OBJC_IMPLICIT_RETAIN_SELF = YES;
				CLANG_WARN_OBJC_LITERAL_CONVERSION = YES;
				CLANG_WARN_OBJC_ROOT_CLASS = YES_ERROR;
				CLANG_WARN_QUOTED_INCLUDE_IN_FRAMEWORK_HEADER = YES;
				CLANG_WARN_RANGE_LOOP_ANALYSIS = YES;
				CLANG_WARN_STRICT_PROTOTYPES = YES;
				CLANG_WARN_SUSPICIOUS_MOVE = YES;
				CLANG_WARN_UNGUARDED_AVAILABILITY = YES_AGGRESSIVE;
				CLANG_WARN_UNREACHABLE_CODE = YES;
				CLANG_WARN__DUPLICATE_METHOD_MATCH = YES;
				COPY_PHASE_STRIP = NO;
				CURRENT_PROJECT_VERSION = 1;
				DEBUG_INFORMATION_FORMAT = dwarf;
				ENABLE_STRICT_OBJC_MSGSEND = YES;
				ENABLE_TESTABILITY = YES;
				GCC_C_LANGUAGE_STANDARD = gnu11;
				GCC_DYNAMIC_NO_PIC = NO;
				GCC_NO_COMMON_BLOCKS = YES;
				GCC_OPTIMIZATION_LEVEL = 0;
				GCC_PREPROCESSOR_DEFINITIONS = (
					"DEBUG=1",
					"$(inherited)",
				);
				GCC_WARN_64_TO_32_BIT_CONVERSION = YES;
				GCC_WARN_ABOUT_RETURN_TYPE = YES_ERROR;
				GCC_WARN_UNDECLARED_SELECTOR = YES;
				GCC_WARN_UNINITIALIZED_AUTOS = YES_AGGRESSIVE;
				GCC_WARN_UNUSED_FUNCTION = YES;
				GCC_WARN_UNUSED_VARIABLE = YES;
				MTL_ENABLE_DEBUG_INFO = INCLUDE_SOURCE;
				MTL_FAST_MATH = YES;
				ONLY_ACTIVE_ARCH = YES;
				SWIFT_ACTIVE_COMPILATION_CONDITIONS = DEBUG;
				SWIFT_OPTIMIZATION_LEVEL = "-Onone";
				VERSIONING_SYSTEM = "apple-generic";
				VERSION_INFO_PREFIX = "";
			};
			name = Debug;
		};
		D351DC3D290E849200540132 /* Release */ = {
			isa = XCBuildConfiguration;
			buildSettings = {
				ALWAYS_SEARCH_USER_PATHS = NO;
				CLANG_ANALYZER_NONNULL = YES;
				CLANG_ANALYZER_NUMBER_OBJECT_CONVERSION = YES_AGGRESSIVE;
				CLANG_CXX_LANGUAGE_STANDARD = "gnu++20";
				CLANG_ENABLE_MODULES = YES;
				CLANG_ENABLE_OBJC_ARC = YES;
				CLANG_ENABLE_OBJC_WEAK = YES;
				CLANG_WARN_BLOCK_CAPTURE_AUTORELEASING = YES;
				CLANG_WARN_BOOL_CONVERSION = YES;
				CLANG_WARN_COMMA = YES;
				CLANG_WARN_CONSTANT_CONVERSION = YES;
				CLANG_WARN_DEPRECATED_OBJC_IMPLEMENTATIONS = YES;
				CLANG_WARN_DIRECT_OBJC_ISA_USAGE = YES_ERROR;
				CLANG_WARN_DOCUMENTATION_COMMENTS = YES;
				CLANG_WARN_EMPTY_BODY = YES;
				CLANG_WARN_ENUM_CONVERSION = YES;
				CLANG_WARN_INFINITE_RECURSION = YES;
				CLANG_WARN_INT_CONVERSION = YES;
				CLANG_WARN_NON_LITERAL_NULL_CONVERSION = YES;
				CLANG_WARN_OBJC_IMPLICIT_RETAIN_SELF = YES;
				CLANG_WARN_OBJC_LITERAL_CONVERSION = YES;
				CLANG_WARN_OBJC_ROOT_CLASS = YES_ERROR;
				CLANG_WARN_QUOTED_INCLUDE_IN_FRAMEWORK_HEADER = YES;
				CLANG_WARN_RANGE_LOOP_ANALYSIS = YES;
				CLANG_WARN_STRICT_PROTOTYPES = YES;
				CLANG_WARN_SUSPICIOUS_MOVE = YES;
				CLANG_WARN_UNGUARDED_AVAILABILITY = YES_AGGRESSIVE;
				CLANG_WARN_UNREACHABLE_CODE = YES;
				CLANG_WARN__DUPLICATE_METHOD_MATCH = YES;
				COPY_PHASE_STRIP = NO;
				CURRENT_PROJECT_VERSION = 1;
				DEBUG_INFORMATION_FORMAT = "dwarf-with-dsym";
				ENABLE_NS_ASSERTIONS = NO;
				ENABLE_STRICT_OBJC_MSGSEND = YES;
				GCC_C_LANGUAGE_STANDARD = gnu11;
				GCC_NO_COMMON_BLOCKS = YES;
				GCC_WARN_64_TO_32_BIT_CONVERSION = YES;
				GCC_WARN_ABOUT_RETURN_TYPE = YES_ERROR;
				GCC_WARN_UNDECLARED_SELECTOR = YES;
				GCC_WARN_UNINITIALIZED_AUTOS = YES_AGGRESSIVE;
				GCC_WARN_UNUSED_FUNCTION = YES;
				GCC_WARN_UNUSED_VARIABLE = YES;
				MTL_ENABLE_DEBUG_INFO = NO;
				MTL_FAST_MATH = YES;
				SWIFT_COMPILATION_MODE = wholemodule;
				SWIFT_OPTIMIZATION_LEVEL = "-O";
				VERSIONING_SYSTEM = "apple-generic";
				VERSION_INFO_PREFIX = "";
			};
			name = Release;
		};
		D351DC3F290E849200540132 /* Debug */ = {
			isa = XCBuildConfiguration;
			buildSettings = {
				CODE_SIGN_IDENTITY = "Apple Development";
				CODE_SIGN_STYLE = Automatic;
				CURRENT_PROJECT_VERSION = 1;
				DEFINES_MODULE = YES;
				DEVELOPMENT_TEAM = T53Q9CN4T9;
				DYLIB_COMPATIBILITY_VERSION = 1;
				DYLIB_CURRENT_VERSION = 1;
				DYLIB_INSTALL_NAME_BASE = "@rpath";
				FRAMEWORK_SEARCH_PATHS = "$(inherited)";
				GENERATE_INFOPLIST_FILE = YES;
				INFOPLIST_KEY_NSHumanReadableCopyright = "";
				INSTALL_PATH = "$(LOCAL_LIBRARY_DIR)/Frameworks";
				IPHONEOS_DEPLOYMENT_TARGET = 16.0;
				LD_RUNPATH_SEARCH_PATHS = (
					"$(inherited)",
					"@executable_path/Frameworks",
					"@loader_path/Frameworks",
				);
				MACOSX_DEPLOYMENT_TARGET = 12.0;
				MARKETING_VERSION = 1.0;
				PRODUCT_BUNDLE_IDENTIFIER = com.padl.ASN1Codable;
				PRODUCT_NAME = "$(TARGET_NAME:c99extidentifier)";
				SDKROOT = auto;
				SKIP_INSTALL = YES;
				SUPPORTED_PLATFORMS = macosx;
				SUPPORTS_MACCATALYST = NO;
				SUPPORTS_MAC_DESIGNED_FOR_IPHONE_IPAD = NO;
				SWIFT_EMIT_LOC_STRINGS = YES;
				SWIFT_VERSION = 5.0;
			};
			name = Debug;
		};
		D351DC40290E849200540132 /* Release */ = {
			isa = XCBuildConfiguration;
			buildSettings = {
				CODE_SIGN_IDENTITY = "Apple Development";
				CODE_SIGN_STYLE = Automatic;
				CURRENT_PROJECT_VERSION = 1;
				DEFINES_MODULE = YES;
				DEVELOPMENT_TEAM = T53Q9CN4T9;
				DYLIB_COMPATIBILITY_VERSION = 1;
				DYLIB_CURRENT_VERSION = 1;
				DYLIB_INSTALL_NAME_BASE = "@rpath";
				FRAMEWORK_SEARCH_PATHS = "$(inherited)";
				GENERATE_INFOPLIST_FILE = YES;
				INFOPLIST_KEY_NSHumanReadableCopyright = "";
				INSTALL_PATH = "$(LOCAL_LIBRARY_DIR)/Frameworks";
				IPHONEOS_DEPLOYMENT_TARGET = 16.0;
				LD_RUNPATH_SEARCH_PATHS = (
					"$(inherited)",
					"@executable_path/Frameworks",
					"@loader_path/Frameworks",
				);
				MACOSX_DEPLOYMENT_TARGET = 12.0;
				MARKETING_VERSION = 1.0;
				PRODUCT_BUNDLE_IDENTIFIER = com.padl.ASN1Codable;
				PRODUCT_NAME = "$(TARGET_NAME:c99extidentifier)";
				SDKROOT = auto;
				SKIP_INSTALL = YES;
				SUPPORTED_PLATFORMS = macosx;
				SUPPORTS_MACCATALYST = NO;
				SUPPORTS_MAC_DESIGNED_FOR_IPHONE_IPAD = NO;
				SWIFT_EMIT_LOC_STRINGS = YES;
				SWIFT_VERSION = 5.0;
			};
			name = Release;
		};
		D351DC42290E849200540132 /* Debug */ = {
			isa = XCBuildConfiguration;
			buildSettings = {
				ALWAYS_EMBED_SWIFT_STANDARD_LIBRARIES = YES;
				CODE_SIGN_STYLE = Automatic;
				CURRENT_PROJECT_VERSION = 1;
				DEVELOPMENT_TEAM = T53Q9CN4T9;
				GENERATE_INFOPLIST_FILE = YES;
				IPHONEOS_DEPLOYMENT_TARGET = 16.0;
				MACOSX_DEPLOYMENT_TARGET = 12.0;
				MARKETING_VERSION = 1.0;
				PRODUCT_BUNDLE_IDENTIFIER = com.padl.ASN1CodableTests;
				PRODUCT_NAME = "$(TARGET_NAME)";
				SDKROOT = auto;
				SUPPORTED_PLATFORMS = macosx;
				SUPPORTS_MACCATALYST = NO;
				SUPPORTS_MAC_DESIGNED_FOR_IPHONE_IPAD = NO;
				SWIFT_EMIT_LOC_STRINGS = NO;
				SWIFT_VERSION = 5.0;
			};
			name = Debug;
		};
		D351DC43290E849200540132 /* Release */ = {
			isa = XCBuildConfiguration;
			buildSettings = {
				ALWAYS_EMBED_SWIFT_STANDARD_LIBRARIES = YES;
				CODE_SIGN_STYLE = Automatic;
				CURRENT_PROJECT_VERSION = 1;
				DEVELOPMENT_TEAM = T53Q9CN4T9;
				GENERATE_INFOPLIST_FILE = YES;
				IPHONEOS_DEPLOYMENT_TARGET = 16.0;
				MACOSX_DEPLOYMENT_TARGET = 12.0;
				MARKETING_VERSION = 1.0;
				PRODUCT_BUNDLE_IDENTIFIER = com.padl.ASN1CodableTests;
				PRODUCT_NAME = "$(TARGET_NAME)";
				SDKROOT = auto;
				SUPPORTED_PLATFORMS = macosx;
				SUPPORTS_MACCATALYST = NO;
				SUPPORTS_MAC_DESIGNED_FOR_IPHONE_IPAD = NO;
				SWIFT_EMIT_LOC_STRINGS = NO;
				SWIFT_VERSION = 5.0;
			};
			name = Release;
		};
		D351DC50290E8A4A00540132 /* Debug */ = {
			isa = XCBuildConfiguration;
			buildSettings = {
				CLANG_ENABLE_MODULES = YES;
				CODE_SIGN_IDENTITY = "Apple Development";
				CODE_SIGN_STYLE = Automatic;
				DEVELOPMENT_TEAM = T53Q9CN4T9;
				ENABLE_HARDENED_RUNTIME = YES;
				LD_RUNPATH_SEARCH_PATHS = (
					"@executable_path/ASN1Codable.framework/Versions/Current/Frameworks",
					"@executable_path",
				);
				MACOSX_DEPLOYMENT_TARGET = 12.0;
				OTHER_LDFLAGS = "";
				PRODUCT_BUNDLE_IDENTIFIER = com.padl.asn1swifttest;
				PRODUCT_NAME = "$(TARGET_NAME)";
				PROVISIONING_PROFILE_SPECIFIER = "";
				SDKROOT = macosx;
				SWIFT_OPTIMIZATION_LEVEL = "-Onone";
				SWIFT_VERSION = 5.0;
			};
			name = Debug;
		};
		D351DC51290E8A4A00540132 /* Release */ = {
			isa = XCBuildConfiguration;
			buildSettings = {
				CLANG_ENABLE_MODULES = YES;
				CODE_SIGN_IDENTITY = "Apple Development";
				CODE_SIGN_STYLE = Automatic;
				DEVELOPMENT_TEAM = T53Q9CN4T9;
				ENABLE_HARDENED_RUNTIME = YES;
				LD_RUNPATH_SEARCH_PATHS = (
					"@executable_path/ASN1Codable.framework/Versions/Current/Frameworks",
					"@executable_path",
				);
				MACOSX_DEPLOYMENT_TARGET = 12.0;
				OTHER_LDFLAGS = "";
				PRODUCT_BUNDLE_IDENTIFIER = com.padl.asn1swifttest;
				PRODUCT_NAME = "$(TARGET_NAME)";
				PROVISIONING_PROFILE_SPECIFIER = "";
				SDKROOT = macosx;
				SWIFT_VERSION = 5.0;
			};
			name = Release;
		};
		D3D13E71291342D500218279 /* Debug */ = {
			isa = XCBuildConfiguration;
			buildSettings = {
				CLANG_ENABLE_MODULES = YES;
				CODE_SIGN_STYLE = Automatic;
				DEVELOPMENT_TEAM = T53Q9CN4T9;
				ENABLE_HARDENED_RUNTIME = YES;
				LD_RUNPATH_SEARCH_PATHS = (
					"$(inherited)",
					"@executable_path/../Frameworks",
					"@loader_path/../Frameworks",
				);
				MACOSX_DEPLOYMENT_TARGET = 12.3;
				PRODUCT_NAME = "$(TARGET_NAME)";
				SDKROOT = macosx;
				SWIFT_OBJC_BRIDGING_HEADER = "Sources/CLI/cert2json/cert2json-Bridging-Header.h";
				SWIFT_OPTIMIZATION_LEVEL = "-Onone";
				SWIFT_VERSION = 5.0;
			};
			name = Debug;
		};
		D3D13E72291342D500218279 /* Release */ = {
			isa = XCBuildConfiguration;
			buildSettings = {
				CLANG_ENABLE_MODULES = YES;
				CODE_SIGN_STYLE = Automatic;
				DEVELOPMENT_TEAM = T53Q9CN4T9;
				ENABLE_HARDENED_RUNTIME = YES;
				LD_RUNPATH_SEARCH_PATHS = (
					"$(inherited)",
					"@executable_path/../Frameworks",
					"@loader_path/../Frameworks",
				);
				MACOSX_DEPLOYMENT_TARGET = 12.3;
				PRODUCT_NAME = "$(TARGET_NAME)";
				SDKROOT = macosx;
				SWIFT_OBJC_BRIDGING_HEADER = "Sources/CLI/cert2json/cert2json-Bridging-Header.h";
				SWIFT_VERSION = 5.0;
			};
			name = Release;
		};
		D3FB2DC62919C47C00BC72AF /* Debug */ = {
			isa = XCBuildConfiguration;
			buildSettings = {
				CODE_SIGN_STYLE = Automatic;
				COMBINE_HIDPI_IMAGES = YES;
				CURRENT_PROJECT_VERSION = 1;
				DEFINES_MODULE = YES;
				DEVELOPMENT_TEAM = T53Q9CN4T9;
				DYLIB_COMPATIBILITY_VERSION = 1;
				DYLIB_CURRENT_VERSION = 1;
				DYLIB_INSTALL_NAME_BASE = "@rpath";
				GENERATE_INFOPLIST_FILE = YES;
				INFOPLIST_KEY_NSHumanReadableCopyright = "";
				INSTALL_PATH = "$(LOCAL_LIBRARY_DIR)/Frameworks";
				LD_RUNPATH_SEARCH_PATHS = (
					"$(inherited)",
					"@executable_path/../Frameworks",
					"@loader_path/Frameworks",
				);
				MACOSX_DEPLOYMENT_TARGET = 12.3;
				MARKETING_VERSION = 1.0;
				PRODUCT_BUNDLE_IDENTIFIER = com.padl.HeimASN1Translator;
				PRODUCT_NAME = "$(TARGET_NAME:c99extidentifier)";
				SDKROOT = macosx;
				SKIP_INSTALL = YES;
				SWIFT_EMIT_LOC_STRINGS = YES;
				SWIFT_VERSION = 5.0;
			};
			name = Debug;
		};
		D3FB2DC72919C47C00BC72AF /* Release */ = {
			isa = XCBuildConfiguration;
			buildSettings = {
				CODE_SIGN_STYLE = Automatic;
				COMBINE_HIDPI_IMAGES = YES;
				CURRENT_PROJECT_VERSION = 1;
				DEFINES_MODULE = YES;
				DEVELOPMENT_TEAM = T53Q9CN4T9;
				DYLIB_COMPATIBILITY_VERSION = 1;
				DYLIB_CURRENT_VERSION = 1;
				DYLIB_INSTALL_NAME_BASE = "@rpath";
				GENERATE_INFOPLIST_FILE = YES;
				INFOPLIST_KEY_NSHumanReadableCopyright = "";
				INSTALL_PATH = "$(LOCAL_LIBRARY_DIR)/Frameworks";
				LD_RUNPATH_SEARCH_PATHS = (
					"$(inherited)",
					"@executable_path/../Frameworks",
					"@loader_path/Frameworks",
				);
				MACOSX_DEPLOYMENT_TARGET = 12.3;
				MARKETING_VERSION = 1.0;
				PRODUCT_BUNDLE_IDENTIFIER = com.padl.HeimASN1Translator;
				PRODUCT_NAME = "$(TARGET_NAME:c99extidentifier)";
				SDKROOT = macosx;
				SKIP_INSTALL = YES;
				SWIFT_EMIT_LOC_STRINGS = YES;
				SWIFT_VERSION = 5.0;
			};
			name = Release;
		};
		D3FB2DC92919C47C00BC72AF /* Debug */ = {
			isa = XCBuildConfiguration;
			buildSettings = {
				ALWAYS_EMBED_SWIFT_STANDARD_LIBRARIES = YES;
				CODE_SIGN_STYLE = Automatic;
				CURRENT_PROJECT_VERSION = 1;
				DEVELOPMENT_TEAM = T53Q9CN4T9;
				GENERATE_INFOPLIST_FILE = YES;
				MACOSX_DEPLOYMENT_TARGET = 12.3;
				MARKETING_VERSION = 1.0;
				PRODUCT_BUNDLE_IDENTIFIER = com.padl.HeimASN1TranslatorTests;
				PRODUCT_NAME = "$(TARGET_NAME)";
				SDKROOT = macosx;
				SWIFT_EMIT_LOC_STRINGS = NO;
				SWIFT_VERSION = 5.0;
			};
			name = Debug;
		};
		D3FB2DCA2919C47C00BC72AF /* Release */ = {
			isa = XCBuildConfiguration;
			buildSettings = {
				ALWAYS_EMBED_SWIFT_STANDARD_LIBRARIES = YES;
				CODE_SIGN_STYLE = Automatic;
				CURRENT_PROJECT_VERSION = 1;
				DEVELOPMENT_TEAM = T53Q9CN4T9;
				GENERATE_INFOPLIST_FILE = YES;
				MACOSX_DEPLOYMENT_TARGET = 12.3;
				MARKETING_VERSION = 1.0;
				PRODUCT_BUNDLE_IDENTIFIER = com.padl.HeimASN1TranslatorTests;
				PRODUCT_NAME = "$(TARGET_NAME)";
				SDKROOT = macosx;
				SWIFT_EMIT_LOC_STRINGS = NO;
				SWIFT_VERSION = 5.0;
			};
			name = Release;
		};
		D3FB2DD42919C4C800BC72AF /* Debug */ = {
			isa = XCBuildConfiguration;
			buildSettings = {
				CODE_SIGN_STYLE = Automatic;
				DEVELOPMENT_TEAM = T53Q9CN4T9;
				ENABLE_HARDENED_RUNTIME = YES;
				MACOSX_DEPLOYMENT_TARGET = 12.3;
				PRODUCT_NAME = "$(TARGET_NAME)";
				SDKROOT = macosx;
				SWIFT_VERSION = 5.0;
			};
			name = Debug;
		};
		D3FB2DD52919C4C800BC72AF /* Release */ = {
			isa = XCBuildConfiguration;
			buildSettings = {
				CODE_SIGN_STYLE = Automatic;
				DEVELOPMENT_TEAM = T53Q9CN4T9;
				ENABLE_HARDENED_RUNTIME = YES;
				MACOSX_DEPLOYMENT_TARGET = 12.3;
				PRODUCT_NAME = "$(TARGET_NAME)";
				SDKROOT = macosx;
				SWIFT_VERSION = 5.0;
			};
			name = Release;
		};
/* End XCBuildConfiguration section */

/* Begin XCConfigurationList section */
		D351DC24290E849200540132 /* Build configuration list for PBXProject "ASN1Codable" */ = {
			isa = XCConfigurationList;
			buildConfigurations = (
				D351DC3C290E849200540132 /* Debug */,
				D351DC3D290E849200540132 /* Release */,
			);
			defaultConfigurationIsVisible = 0;
			defaultConfigurationName = Release;
		};
		D351DC3E290E849200540132 /* Build configuration list for PBXNativeTarget "ASN1Codable" */ = {
			isa = XCConfigurationList;
			buildConfigurations = (
				D351DC3F290E849200540132 /* Debug */,
				D351DC40290E849200540132 /* Release */,
			);
			defaultConfigurationIsVisible = 0;
			defaultConfigurationName = Release;
		};
		D351DC41290E849200540132 /* Build configuration list for PBXNativeTarget "ASN1CodableTests" */ = {
			isa = XCConfigurationList;
			buildConfigurations = (
				D351DC42290E849200540132 /* Debug */,
				D351DC43290E849200540132 /* Release */,
			);
			defaultConfigurationIsVisible = 0;
			defaultConfigurationName = Release;
		};
		D351DC4F290E8A4A00540132 /* Build configuration list for PBXNativeTarget "asn1swifttest" */ = {
			isa = XCConfigurationList;
			buildConfigurations = (
				D351DC50290E8A4A00540132 /* Debug */,
				D351DC51290E8A4A00540132 /* Release */,
			);
			defaultConfigurationIsVisible = 0;
			defaultConfigurationName = Release;
		};
		D3D13E70291342D500218279 /* Build configuration list for PBXNativeTarget "cert2json" */ = {
			isa = XCConfigurationList;
			buildConfigurations = (
				D3D13E71291342D500218279 /* Debug */,
				D3D13E72291342D500218279 /* Release */,
			);
			defaultConfigurationIsVisible = 0;
			defaultConfigurationName = Release;
		};
		D3FB2DC52919C47C00BC72AF /* Build configuration list for PBXNativeTarget "HeimASN1Translator" */ = {
			isa = XCConfigurationList;
			buildConfigurations = (
				D3FB2DC62919C47C00BC72AF /* Debug */,
				D3FB2DC72919C47C00BC72AF /* Release */,
			);
			defaultConfigurationIsVisible = 0;
			defaultConfigurationName = Release;
		};
		D3FB2DC82919C47C00BC72AF /* Build configuration list for PBXNativeTarget "HeimASN1TranslatorTests" */ = {
			isa = XCConfigurationList;
			buildConfigurations = (
				D3FB2DC92919C47C00BC72AF /* Debug */,
				D3FB2DCA2919C47C00BC72AF /* Release */,
			);
			defaultConfigurationIsVisible = 0;
			defaultConfigurationName = Release;
		};
		D3FB2DD32919C4C800BC72AF /* Build configuration list for PBXNativeTarget "asn1json2swift" */ = {
			isa = XCConfigurationList;
			buildConfigurations = (
				D3FB2DD42919C4C800BC72AF /* Debug */,
				D3FB2DD52919C4C800BC72AF /* Release */,
			);
			defaultConfigurationIsVisible = 0;
			defaultConfigurationName = Release;
		};
/* End XCConfigurationList section */

/* Begin XCRemoteSwiftPackageReference section */
		D3D13E5F291339FA00218279 /* XCRemoteSwiftPackageReference "ASN1Kit" */ = {
			isa = XCRemoteSwiftPackageReference;
			repositoryURL = "https://github.com/PADL/ASN1Kit";
			requirement = {
				branch = lhoward/pr;
				kind = branch;
			};
		};
		D3D13E6229133A2200218279 /* XCRemoteSwiftPackageReference "AnyCodable" */ = {
			isa = XCRemoteSwiftPackageReference;
			repositoryURL = "https://github.com/Flight-School/AnyCodable";
			requirement = {
				kind = upToNextMajorVersion;
				minimumVersion = 0.6.7;
			};
		};
		D3D13E6529133AB600218279 /* XCRemoteSwiftPackageReference "Echo" */ = {
			isa = XCRemoteSwiftPackageReference;
			repositoryURL = "https://github.com/Azoy/Echo";
			requirement = {
				branch = main;
				kind = branch;
			};
		};
		D3D13E782913431500218279 /* XCRemoteSwiftPackageReference "Commandant" */ = {
			isa = XCRemoteSwiftPackageReference;
			repositoryURL = "http://github.com/Carthage/Commandant";
			requirement = {
				kind = upToNextMajorVersion;
				minimumVersion = 0.9.0;
			};
		};
		D3D13E8029134A2B00218279 /* XCRemoteSwiftPackageReference "Swift-BigInt" */ = {
			isa = XCRemoteSwiftPackageReference;
			repositoryURL = "https://github.com/mkrd/Swift-BigInt";
			requirement = {
				branch = master;
				kind = branch;
			};
		};
		D3FB2DA52918641900BC72AF /* XCRemoteSwiftPackageReference "swift-algorithms" */ = {
			isa = XCRemoteSwiftPackageReference;
			repositoryURL = "https://github.com/apple/swift-algorithms.git";
			requirement = {
				kind = upToNextMajorVersion;
				minimumVersion = 1.0.0;
			};
		};
/* End XCRemoteSwiftPackageReference section */

/* Begin XCSwiftPackageProductDependency section */
		D31CABA4291B787300D299F0 /* AnyCodable */ = {
			isa = XCSwiftPackageProductDependency;
			package = D3D13E6229133A2200218279 /* XCRemoteSwiftPackageReference "AnyCodable" */;
			productName = AnyCodable;
		};
		D3D13E60291339FA00218279 /* ASN1Kit */ = {
			isa = XCSwiftPackageProductDependency;
			package = D3D13E5F291339FA00218279 /* XCRemoteSwiftPackageReference "ASN1Kit" */;
			productName = ASN1Kit;
		};
		D3D13E6329133A2200218279 /* AnyCodable */ = {
			isa = XCSwiftPackageProductDependency;
			package = D3D13E6229133A2200218279 /* XCRemoteSwiftPackageReference "AnyCodable" */;
			productName = AnyCodable;
		};
		D3D13E6629133AB600218279 /* Echo */ = {
			isa = XCSwiftPackageProductDependency;
			package = D3D13E6529133AB600218279 /* XCRemoteSwiftPackageReference "Echo" */;
			productName = Echo;
		};
		D3D13E792913431500218279 /* Commandant */ = {
			isa = XCSwiftPackageProductDependency;
			package = D3D13E782913431500218279 /* XCRemoteSwiftPackageReference "Commandant" */;
			productName = Commandant;
		};
		D3D13E8129134A2B00218279 /* BigNumber */ = {
			isa = XCSwiftPackageProductDependency;
			package = D3D13E8029134A2B00218279 /* XCRemoteSwiftPackageReference "Swift-BigInt" */;
			productName = BigNumber;
		};
		D3FB2DA62918641900BC72AF /* Algorithms */ = {
			isa = XCSwiftPackageProductDependency;
			package = D3FB2DA52918641900BC72AF /* XCRemoteSwiftPackageReference "swift-algorithms" */;
			productName = Algorithms;
		};
		D3FB2DDB2919C4F600BC72AF /* Commandant */ = {
			isa = XCSwiftPackageProductDependency;
			package = D3D13E782913431500218279 /* XCRemoteSwiftPackageReference "Commandant" */;
			productName = Commandant;
		};
		D3FB2DE32919D4F900BC72AF /* ASN1Kit */ = {
			isa = XCSwiftPackageProductDependency;
			package = D3D13E5F291339FA00218279 /* XCRemoteSwiftPackageReference "ASN1Kit" */;
			productName = ASN1Kit;
		};
/* End XCSwiftPackageProductDependency section */
	};
	rootObject = D351DC21290E849200540132 /* Project object */;
}
